// !$*UTF8*$!
{
	archiveVersion = 1;
	classes = {
	};
	objectVersion = 60;
	objects = {

/* Begin PBXBuildFile section */
		522987052C4F273E009EE577 /* PacketTunnelProvider.m in Sources */ = {isa = PBXBuildFile; fileRef = 522987042C4F273E009EE577 /* PacketTunnelProvider.m */; };
		522987082C4F278E009EE577 /* CocoaLumberjack in Frameworks */ = {isa = PBXBuildFile; productRef = 522987072C4F278E009EE577 /* CocoaLumberjack */; };
		5229870E2C4F2873009EE577 /* Tun2socks.xcframework in Frameworks */ = {isa = PBXBuildFile; fileRef = 5229870D2C4F2873009EE577 /* Tun2socks.xcframework */; };
		522E63DA2C751A3A0010C3FA /* PacketTunnelProvider.swift in Sources */ = {isa = PBXBuildFile; fileRef = 522E63D92C751A3A0010C3FA /* PacketTunnelProvider.swift */; };
		522E63F02C768BA30010C3FA /* VpnExtensionTest.swift in Sources */ = {isa = PBXBuildFile; fileRef = 522E63EF2C768BA30010C3FA /* VpnExtensionTest.swift */; };
		522E64012C769BF30010C3FA /* CocoaLumberjackSwift in Frameworks */ = {isa = PBXBuildFile; productRef = 522E64002C769BF30010C3FA /* CocoaLumberjackSwift */; };
		522E64032C769EB90010C3FA /* CocoaLumberjackSwift in Frameworks */ = {isa = PBXBuildFile; productRef = 522E64022C769EB90010C3FA /* CocoaLumberjackSwift */; };
		522E64042C769F100010C3FA /* PacketTunnelProvider.swift in Sources */ = {isa = PBXBuildFile; fileRef = 522E63D92C751A3A0010C3FA /* PacketTunnelProvider.swift */; };
		52334EAF2B0D58AD00817E56 /* NetworkExtension.framework in Frameworks */ = {isa = PBXBuildFile; fileRef = 52334EAE2B0D58AD00817E56 /* NetworkExtension.framework */; };
		526D827A2C77B2D400BDE6EE /* NetworkExtension.framework in Frameworks */ = {isa = PBXBuildFile; fileRef = 52334EAE2B0D58AD00817E56 /* NetworkExtension.framework */; };
		526D827B2C77B2F800BDE6EE /* Tun2socks.xcframework in Frameworks */ = {isa = PBXBuildFile; fileRef = 5229870D2C4F2873009EE577 /* Tun2socks.xcframework */; };
		D53BEFBA2C9CD28100CBE013 /* OutlineVPNExtensionLib in Frameworks */ = {isa = PBXBuildFile; productRef = D53BEFB92C9CD28100CBE013 /* OutlineVPNExtensionLib */; };
		D53BEFBC2C9CD28B00CBE013 /* OutlineVPNExtensionLib in Frameworks */ = {isa = PBXBuildFile; productRef = D53BEFBB2C9CD28B00CBE013 /* OutlineVPNExtensionLib */; };
/* End PBXBuildFile section */

/* Begin PBXFileReference section */
		522987032C4F273E009EE577 /* PacketTunnelProvider.h */ = {isa = PBXFileReference; fileEncoding = 4; lastKnownFileType = sourcecode.c.h; path = PacketTunnelProvider.h; sourceTree = "<group>"; };
		522987042C4F273E009EE577 /* PacketTunnelProvider.m */ = {isa = PBXFileReference; fileEncoding = 4; lastKnownFileType = sourcecode.c.objc; path = PacketTunnelProvider.m; sourceTree = "<group>"; };
		5229870D2C4F2873009EE577 /* Tun2socks.xcframework */ = {isa = PBXFileReference; lastKnownFileType = wrapper.xcframework; name = Tun2socks.xcframework; path = ../../../../../output/client/apple/Tun2socks.xcframework; sourceTree = "<group>"; };
		522E63D82C751A390010C3FA /* VpnExtension-Bridging-Header.h */ = {isa = PBXFileReference; lastKnownFileType = sourcecode.c.h; path = "VpnExtension-Bridging-Header.h"; sourceTree = "<group>"; };
		522E63D92C751A3A0010C3FA /* PacketTunnelProvider.swift */ = {isa = PBXFileReference; lastKnownFileType = sourcecode.swift; path = PacketTunnelProvider.swift; sourceTree = "<group>"; };
		522E63ED2C768BA30010C3FA /* VpnExtensionTest.xctest */ = {isa = PBXFileReference; explicitFileType = wrapper.cfbundle; includeInIndex = 0; path = VpnExtensionTest.xctest; sourceTree = BUILT_PRODUCTS_DIR; };
		522E63EF2C768BA30010C3FA /* VpnExtensionTest.swift */ = {isa = PBXFileReference; lastKnownFileType = sourcecode.swift; path = VpnExtensionTest.swift; sourceTree = "<group>"; };
		52334EAC2B0D58AD00817E56 /* VpnExtension.appex */ = {isa = PBXFileReference; explicitFileType = "wrapper.app-extension"; includeInIndex = 0; path = VpnExtension.appex; sourceTree = BUILT_PRODUCTS_DIR; };
		52334EAE2B0D58AD00817E56 /* NetworkExtension.framework */ = {isa = PBXFileReference; lastKnownFileType = wrapper.framework; name = NetworkExtension.framework; path = System/Library/Frameworks/NetworkExtension.framework; sourceTree = SDKROOT; };
		52334EB32B0D58AD00817E56 /* Info.plist */ = {isa = PBXFileReference; lastKnownFileType = text.plist.xml; path = Info.plist; sourceTree = "<group>"; };
		52334EB42B0D58AD00817E56 /* VpnExtension.entitlements */ = {isa = PBXFileReference; lastKnownFileType = text.plist.entitlements; path = VpnExtension.entitlements; sourceTree = "<group>"; };
/* End PBXFileReference section */

/* Begin PBXFrameworksBuildPhase section */
		522E63EA2C768BA30010C3FA /* Frameworks */ = {
			isa = PBXFrameworksBuildPhase;
			buildActionMask = 2147483647;
			files = (
				526D827B2C77B2F800BDE6EE /* Tun2socks.xcframework in Frameworks */,
				526D827A2C77B2D400BDE6EE /* NetworkExtension.framework in Frameworks */,
				D53BEFBC2C9CD28B00CBE013 /* OutlineVPNExtensionLib in Frameworks */,
				522E64032C769EB90010C3FA /* CocoaLumberjackSwift in Frameworks */,
			);
			runOnlyForDeploymentPostprocessing = 0;
		};
		52334EA92B0D58AD00817E56 /* Frameworks */ = {
			isa = PBXFrameworksBuildPhase;
			buildActionMask = 2147483647;
			files = (
				D53BEFBA2C9CD28100CBE013 /* OutlineVPNExtensionLib in Frameworks */,
				5229870E2C4F2873009EE577 /* Tun2socks.xcframework in Frameworks */,
				522987082C4F278E009EE577 /* CocoaLumberjack in Frameworks */,
				52334EAF2B0D58AD00817E56 /* NetworkExtension.framework in Frameworks */,
				522E64012C769BF30010C3FA /* CocoaLumberjackSwift in Frameworks */,
			);
			runOnlyForDeploymentPostprocessing = 0;
		};
/* End PBXFrameworksBuildPhase section */

/* Begin PBXGroup section */
		522987022C4F26D4009EE577 /* Sources */ = {
			isa = PBXGroup;
			children = (
				522987032C4F273E009EE577 /* PacketTunnelProvider.h */,
				522987042C4F273E009EE577 /* PacketTunnelProvider.m */,
				522E63D92C751A3A0010C3FA /* PacketTunnelProvider.swift */,
				522E63D82C751A390010C3FA /* VpnExtension-Bridging-Header.h */,
			);
			path = Sources;
			sourceTree = "<group>";
		};
		522E63EE2C768BA30010C3FA /* VpnExtensionTest */ = {
			isa = PBXGroup;
			children = (
				522E63EF2C768BA30010C3FA /* VpnExtensionTest.swift */,
			);
			path = VpnExtensionTest;
			sourceTree = "<group>";
		};
		52334DE02B0D56D600817E56 = {
			isa = PBXGroup;
			children = (
				52334EB02B0D58AD00817E56 /* VpnExtension */,
				522E63EE2C768BA30010C3FA /* VpnExtensionTest */,
				52334EAD2B0D58AD00817E56 /* Frameworks */,
				52334DEB2B0D56D600817E56 /* Products */,
			);
			sourceTree = "<group>";
		};
		52334DEB2B0D56D600817E56 /* Products */ = {
			isa = PBXGroup;
			children = (
				52334EAC2B0D58AD00817E56 /* VpnExtension.appex */,
				522E63ED2C768BA30010C3FA /* VpnExtensionTest.xctest */,
			);
			name = Products;
			sourceTree = "<group>";
		};
		52334EAD2B0D58AD00817E56 /* Frameworks */ = {
			isa = PBXGroup;
			children = (
				5229870D2C4F2873009EE577 /* Tun2socks.xcframework */,
				52334EAE2B0D58AD00817E56 /* NetworkExtension.framework */,
			);
			name = Frameworks;
			sourceTree = "<group>";
		};
		52334EB02B0D58AD00817E56 /* VpnExtension */ = {
			isa = PBXGroup;
			children = (
				522987022C4F26D4009EE577 /* Sources */,
				52334EB32B0D58AD00817E56 /* Info.plist */,
				52334EB42B0D58AD00817E56 /* VpnExtension.entitlements */,
			);
			path = VpnExtension;
			sourceTree = "<group>";
		};
/* End PBXGroup section */

/* Begin PBXNativeTarget section */
		522E63EC2C768BA30010C3FA /* VpnExtensionTest */ = {
			isa = PBXNativeTarget;
			buildConfigurationList = 522E63F12C768BA30010C3FA /* Build configuration list for PBXNativeTarget "VpnExtensionTest" */;
			buildPhases = (
				522E63E92C768BA30010C3FA /* Sources */,
				522E63EA2C768BA30010C3FA /* Frameworks */,
				522E63EB2C768BA30010C3FA /* Resources */,
			);
			buildRules = (
			);
			dependencies = (
			);
			name = VpnExtensionTest;
			packageProductDependencies = (
				522E64022C769EB90010C3FA /* CocoaLumberjackSwift */,
				D53BEFBB2C9CD28B00CBE013 /* OutlineVPNExtensionLib */,
			);
			productName = VpnExtensionTest;
			productReference = 522E63ED2C768BA30010C3FA /* VpnExtensionTest.xctest */;
			productType = "com.apple.product-type.bundle.unit-test";
		};
		52334EAB2B0D58AD00817E56 /* VpnExtension */ = {
			isa = PBXNativeTarget;
			buildConfigurationList = 52334EB52B0D58AD00817E56 /* Build configuration list for PBXNativeTarget "VpnExtension" */;
			buildPhases = (
				52334EA82B0D58AD00817E56 /* Sources */,
				52334EA92B0D58AD00817E56 /* Frameworks */,
				52334EAA2B0D58AD00817E56 /* Resources */,
			);
			buildRules = (
			);
			dependencies = (
				5260B0842C4F18B200CDF289 /* PBXTargetDependency */,
			);
			name = VpnExtension;
			packageProductDependencies = (
				522987072C4F278E009EE577 /* CocoaLumberjack */,
				522E64002C769BF30010C3FA /* CocoaLumberjackSwift */,
				D53BEFB92C9CD28100CBE013 /* OutlineVPNExtensionLib */,
			);
			productName = VpnExtension;
			productReference = 52334EAC2B0D58AD00817E56 /* VpnExtension.appex */;
			productType = "com.apple.product-type.app-extension";
		};
/* End PBXNativeTarget section */

/* Begin PBXProject section */
		52334DE12B0D56D600817E56 /* Project object */ = {
			isa = PBXProject;
			attributes = {
				BuildIndependentTargetsInParallel = 1;
				KnownAssetTags = (
					New,
				);
				LastSwiftUpdateCheck = 1530;
				LastUpgradeCheck = 1500;
				TargetAttributes = {
					522E63EC2C768BA30010C3FA = {
						CreatedOnToolsVersion = 15.3;
					};
					52334EAB2B0D58AD00817E56 = {
						CreatedOnToolsVersion = 15.0.1;
						LastSwiftMigration = 1530;
					};
				};
			};
			buildConfigurationList = 52334DE42B0D56D600817E56 /* Build configuration list for PBXProject "OutlineLib" */;
			compatibilityVersion = "Xcode 14.0";
			developmentRegion = en;
			hasScannedForEncodings = 0;
			knownRegions = (
				en,
				Base,
				de,
				ur,
				he,
				ar,
				el,
				"zh-Hans",
				ja,
				fa,
				mr,
				mk,
				sq,
				uk,
				"en-GB",
				am,
				es,
				sw,
				is,
				sl,
				da,
				"es-419",
				et,
				it,
				bg,
				sk,
				"sr-Latn",
				kk,
				sr,
				ms,
				si,
				ta,
				ne,
				sv,
				cs,
				km,
				ko,
				fil,
				hy,
				"zh-Hant",
				mn,
				my,
				no,
				nb,
				hu,
				ka,
				tr,
				pl,
				"pt-BR",
				vi,
				lv,
				lo,
				lt,
				ru,
				af,
				fr,
				fi,
				id,
				nl,
				th,
				az,
				bn,
				"pt-PT",
				ro,
				bs,
				hr,
				hi,
				ca,
			);
			mainGroup = 52334DE02B0D56D600817E56;
			packageReferences = (
				522987062C4F278E009EE577 /* XCRemoteSwiftPackageReference "CocoaLumberjack" */,
				523E5C362C530C63001EE0A7 /* XCLocalSwiftPackageReference "../OutlineAppleLib" */,
			);
			productRefGroup = 52334DEB2B0D56D600817E56 /* Products */;
			projectDirPath = "";
			projectRoot = "";
			targets = (
				52334EAB2B0D58AD00817E56 /* VpnExtension */,
				522E63EC2C768BA30010C3FA /* VpnExtensionTest */,
			);
		};
/* End PBXProject section */

/* Begin PBXResourcesBuildPhase section */
		522E63EB2C768BA30010C3FA /* Resources */ = {
			isa = PBXResourcesBuildPhase;
			buildActionMask = 2147483647;
			files = (
			);
			runOnlyForDeploymentPostprocessing = 0;
		};
		52334EAA2B0D58AD00817E56 /* Resources */ = {
			isa = PBXResourcesBuildPhase;
			buildActionMask = 2147483647;
			files = (
			);
			runOnlyForDeploymentPostprocessing = 0;
		};
/* End PBXResourcesBuildPhase section */

/* Begin PBXSourcesBuildPhase section */
		522E63E92C768BA30010C3FA /* Sources */ = {
			isa = PBXSourcesBuildPhase;
			buildActionMask = 2147483647;
			files = (
				522E64042C769F100010C3FA /* PacketTunnelProvider.swift in Sources */,
				522E63F02C768BA30010C3FA /* VpnExtensionTest.swift in Sources */,
			);
			runOnlyForDeploymentPostprocessing = 0;
		};
		52334EA82B0D58AD00817E56 /* Sources */ = {
			isa = PBXSourcesBuildPhase;
			buildActionMask = 2147483647;
			files = (
				522E63DA2C751A3A0010C3FA /* PacketTunnelProvider.swift in Sources */,
				522987052C4F273E009EE577 /* PacketTunnelProvider.m in Sources */,
			);
			runOnlyForDeploymentPostprocessing = 0;
		};
/* End PBXSourcesBuildPhase section */

/* Begin PBXTargetDependency section */
		5260B0842C4F18B200CDF289 /* PBXTargetDependency */ = {
			isa = PBXTargetDependency;
			productRef = 5260B0832C4F18B200CDF289 /* PacketTunnelProvider */;
		};
/* End PBXTargetDependency section */

/* Begin XCBuildConfiguration section */
		522E63F22C768BA30010C3FA /* Debug */ = {
			isa = XCBuildConfiguration;
			buildSettings = {
				CODE_SIGN_STYLE = Automatic;
				CURRENT_PROJECT_VERSION = 1;
				DEVELOPMENT_TEAM = QT8Z3Q9V3A;
				GENERATE_INFOPLIST_FILE = YES;
				MARKETING_VERSION = 1.0;
				PRODUCT_BUNDLE_IDENTIFIER = org.getoutline.client.VpnExtensionTest;
				PRODUCT_NAME = "$(TARGET_NAME)";
				SDKROOT = iphoneos;
				SUPPORTED_PLATFORMS = "iphoneos iphonesimulator macosx";
				SUPPORTS_MACCATALYST = YES;
				SWIFT_EMIT_LOC_STRINGS = NO;
				SWIFT_VERSION = 5.0;
				TARGETED_DEVICE_FAMILY = "1,2";
			};
			name = Debug;
		};
		522E63F32C768BA30010C3FA /* Release */ = {
			isa = XCBuildConfiguration;
			buildSettings = {
				CODE_SIGN_STYLE = Automatic;
				CURRENT_PROJECT_VERSION = 1;
				DEVELOPMENT_TEAM = QT8Z3Q9V3A;
				GENERATE_INFOPLIST_FILE = YES;
				MARKETING_VERSION = 1.0;
				PRODUCT_BUNDLE_IDENTIFIER = org.getoutline.client.VpnExtensionTest;
				PRODUCT_NAME = "$(TARGET_NAME)";
				SDKROOT = iphoneos;
				SUPPORTED_PLATFORMS = "iphoneos iphonesimulator macosx";
				SUPPORTS_MACCATALYST = YES;
				SWIFT_EMIT_LOC_STRINGS = NO;
				SWIFT_VERSION = 5.0;
				TARGETED_DEVICE_FAMILY = "1,2";
				VALIDATE_PRODUCT = YES;
			};
			name = Release;
		};
		52334DFC2B0D56D600817E56 /* Debug */ = {
			isa = XCBuildConfiguration;
			buildSettings = {
				ALWAYS_SEARCH_USER_PATHS = NO;
				ASSETCATALOG_COMPILER_GENERATE_SWIFT_ASSET_SYMBOL_EXTENSIONS = YES;
				CLANG_ANALYZER_NONNULL = YES;
				CLANG_ANALYZER_NUMBER_OBJECT_CONVERSION = YES_AGGRESSIVE;
				CLANG_CXX_LANGUAGE_STANDARD = "gnu++20";
				CLANG_ENABLE_MODULES = YES;
				CLANG_ENABLE_OBJC_ARC = YES;
				CLANG_ENABLE_OBJC_WEAK = YES;
				CLANG_WARN_BLOCK_CAPTURE_AUTORELEASING = YES;
				CLANG_WARN_BOOL_CONVERSION = YES;
				CLANG_WARN_COMMA = YES;
				CLANG_WARN_CONSTANT_CONVERSION = YES;
				CLANG_WARN_DEPRECATED_OBJC_IMPLEMENTATIONS = YES;
				CLANG_WARN_DIRECT_OBJC_ISA_USAGE = YES_ERROR;
				CLANG_WARN_DOCUMENTATION_COMMENTS = YES;
				CLANG_WARN_EMPTY_BODY = YES;
				CLANG_WARN_ENUM_CONVERSION = YES;
				CLANG_WARN_INFINITE_RECURSION = YES;
				CLANG_WARN_INT_CONVERSION = YES;
				CLANG_WARN_NON_LITERAL_NULL_CONVERSION = YES;
				CLANG_WARN_OBJC_IMPLICIT_RETAIN_SELF = YES;
				CLANG_WARN_OBJC_LITERAL_CONVERSION = YES;
				CLANG_WARN_OBJC_ROOT_CLASS = YES_ERROR;
				CLANG_WARN_QUOTED_INCLUDE_IN_FRAMEWORK_HEADER = YES;
				CLANG_WARN_RANGE_LOOP_ANALYSIS = YES;
				CLANG_WARN_STRICT_PROTOTYPES = YES;
				CLANG_WARN_SUSPICIOUS_MOVE = YES;
				CLANG_WARN_UNGUARDED_AVAILABILITY = YES_AGGRESSIVE;
				CLANG_WARN_UNREACHABLE_CODE = YES;
				CLANG_WARN__DUPLICATE_METHOD_MATCH = YES;
				COPY_PHASE_STRIP = NO;
				CURRENT_PROJECT_VERSION = 1;
				DEBUG_INFORMATION_FORMAT = dwarf;
				ENABLE_STRICT_OBJC_MSGSEND = YES;
				ENABLE_TESTABILITY = YES;
				ENABLE_USER_SCRIPT_SANDBOXING = YES;
				GCC_C_LANGUAGE_STANDARD = gnu17;
				GCC_DYNAMIC_NO_PIC = NO;
				GCC_NO_COMMON_BLOCKS = YES;
				GCC_OPTIMIZATION_LEVEL = 0;
				GCC_PREPROCESSOR_DEFINITIONS = (
					"DEBUG=1",
					"$(inherited)",
				);
				GCC_WARN_64_TO_32_BIT_CONVERSION = YES;
				GCC_WARN_ABOUT_RETURN_TYPE = YES_ERROR;
				GCC_WARN_UNDECLARED_SELECTOR = YES;
				GCC_WARN_UNINITIALIZED_AUTOS = YES_AGGRESSIVE;
				GCC_WARN_UNUSED_FUNCTION = YES;
				GCC_WARN_UNUSED_VARIABLE = YES;
				IPHONEOS_DEPLOYMENT_TARGET = 15.5;
				LOCALIZATION_PREFERS_STRING_CATALOGS = YES;
				MACOSX_DEPLOYMENT_TARGET = 12.0;
				MTL_ENABLE_DEBUG_INFO = INCLUDE_SOURCE;
				MTL_FAST_MATH = YES;
				ONLY_ACTIVE_ARCH = YES;
				SWIFT_ACTIVE_COMPILATION_CONDITIONS = "DEBUG $(inherited)";
				SWIFT_OPTIMIZATION_LEVEL = "-Onone";
				VERSIONING_SYSTEM = "apple-generic";
				VERSION_INFO_PREFIX = "";
			};
			name = Debug;
		};
		52334DFD2B0D56D600817E56 /* Release */ = {
			isa = XCBuildConfiguration;
			buildSettings = {
				ALWAYS_SEARCH_USER_PATHS = NO;
				ASSETCATALOG_COMPILER_GENERATE_SWIFT_ASSET_SYMBOL_EXTENSIONS = YES;
				CLANG_ANALYZER_NONNULL = YES;
				CLANG_ANALYZER_NUMBER_OBJECT_CONVERSION = YES_AGGRESSIVE;
				CLANG_CXX_LANGUAGE_STANDARD = "gnu++20";
				CLANG_ENABLE_MODULES = YES;
				CLANG_ENABLE_OBJC_ARC = YES;
				CLANG_ENABLE_OBJC_WEAK = YES;
				CLANG_WARN_BLOCK_CAPTURE_AUTORELEASING = YES;
				CLANG_WARN_BOOL_CONVERSION = YES;
				CLANG_WARN_COMMA = YES;
				CLANG_WARN_CONSTANT_CONVERSION = YES;
				CLANG_WARN_DEPRECATED_OBJC_IMPLEMENTATIONS = YES;
				CLANG_WARN_DIRECT_OBJC_ISA_USAGE = YES_ERROR;
				CLANG_WARN_DOCUMENTATION_COMMENTS = YES;
				CLANG_WARN_EMPTY_BODY = YES;
				CLANG_WARN_ENUM_CONVERSION = YES;
				CLANG_WARN_INFINITE_RECURSION = YES;
				CLANG_WARN_INT_CONVERSION = YES;
				CLANG_WARN_NON_LITERAL_NULL_CONVERSION = YES;
				CLANG_WARN_OBJC_IMPLICIT_RETAIN_SELF = YES;
				CLANG_WARN_OBJC_LITERAL_CONVERSION = YES;
				CLANG_WARN_OBJC_ROOT_CLASS = YES_ERROR;
				CLANG_WARN_QUOTED_INCLUDE_IN_FRAMEWORK_HEADER = YES;
				CLANG_WARN_RANGE_LOOP_ANALYSIS = YES;
				CLANG_WARN_STRICT_PROTOTYPES = YES;
				CLANG_WARN_SUSPICIOUS_MOVE = YES;
				CLANG_WARN_UNGUARDED_AVAILABILITY = YES_AGGRESSIVE;
				CLANG_WARN_UNREACHABLE_CODE = YES;
				CLANG_WARN__DUPLICATE_METHOD_MATCH = YES;
				COPY_PHASE_STRIP = NO;
				CURRENT_PROJECT_VERSION = 1;
				DEBUG_INFORMATION_FORMAT = "dwarf-with-dsym";
				ENABLE_NS_ASSERTIONS = NO;
				ENABLE_STRICT_OBJC_MSGSEND = YES;
				ENABLE_USER_SCRIPT_SANDBOXING = YES;
				GCC_C_LANGUAGE_STANDARD = gnu17;
				GCC_NO_COMMON_BLOCKS = YES;
				GCC_WARN_64_TO_32_BIT_CONVERSION = YES;
				GCC_WARN_ABOUT_RETURN_TYPE = YES_ERROR;
				GCC_WARN_UNDECLARED_SELECTOR = YES;
				GCC_WARN_UNINITIALIZED_AUTOS = YES_AGGRESSIVE;
				GCC_WARN_UNUSED_FUNCTION = YES;
				GCC_WARN_UNUSED_VARIABLE = YES;
				IPHONEOS_DEPLOYMENT_TARGET = 15.5;
				LOCALIZATION_PREFERS_STRING_CATALOGS = YES;
				MACOSX_DEPLOYMENT_TARGET = 12.0;
				MTL_ENABLE_DEBUG_INFO = NO;
				MTL_FAST_MATH = YES;
				SWIFT_COMPILATION_MODE = wholemodule;
				VERSIONING_SYSTEM = "apple-generic";
				VERSION_INFO_PREFIX = "";
			};
			name = Release;
		};
		52334EB62B0D58AD00817E56 /* Debug */ = {
			isa = XCBuildConfiguration;
			buildSettings = {
				ALLOW_TARGET_PLATFORM_SPECIALIZATION = YES;
				CLANG_ENABLE_MODULES = YES;
				CODE_SIGN_ENTITLEMENTS = VpnExtension/VpnExtension.entitlements;
				CODE_SIGN_STYLE = Automatic;
				CURRENT_PROJECT_VERSION = 1;
				DEVELOPMENT_TEAM = QT8Z3Q9V3A;
				GENERATE_INFOPLIST_FILE = YES;
				INFOPLIST_FILE = VpnExtension/Info.plist;
				INFOPLIST_KEY_CFBundleDisplayName = VpnExtension;
				INFOPLIST_KEY_NSHumanReadableCopyright = "";
				IPHONEOS_DEPLOYMENT_TARGET = 15.5;
				LD_RUNPATH_SEARCH_PATHS = (
					"$(inherited)",
					"@executable_path/Frameworks",
					"@executable_path/../../Frameworks",
				);
				MARKETING_VERSION = 1.0;
				PRODUCT_BUNDLE_IDENTIFIER = org.outline.ios.client.VpnExtension;
				"PRODUCT_BUNDLE_IDENTIFIER[sdk=macosx*]" = org.outline.macos.client.VpnExtension;
				PRODUCT_NAME = "$(TARGET_NAME)";
				SDKROOT = iphoneos;
				SKIP_INSTALL = YES;
				SUPPORTED_PLATFORMS = "iphoneos iphonesimulator macosx";
				SUPPORTS_MACCATALYST = YES;
				SUPPORTS_MAC_DESIGNED_FOR_IPHONE_IPAD = NO;
				SUPPORTS_XR_DESIGNED_FOR_IPHONE_IPAD = NO;
				SWIFT_EMIT_LOC_STRINGS = YES;
				SWIFT_OBJC_BRIDGING_HEADER = "VpnExtension/Sources/VpnExtension-Bridging-Header.h";
				SWIFT_OPTIMIZATION_LEVEL = "-Onone";
				SWIFT_VERSION = 5.0;
				TARGETED_DEVICE_FAMILY = "1,2";
			};
			name = Debug;
		};
		52334EB72B0D58AD00817E56 /* Release */ = {
			isa = XCBuildConfiguration;
			buildSettings = {
				ALLOW_TARGET_PLATFORM_SPECIALIZATION = YES;
				CLANG_ENABLE_MODULES = YES;
				CODE_SIGN_ENTITLEMENTS = VpnExtension/VpnExtension.entitlements;
				CODE_SIGN_STYLE = Automatic;
				CURRENT_PROJECT_VERSION = 1;
				DEVELOPMENT_TEAM = QT8Z3Q9V3A;
				GENERATE_INFOPLIST_FILE = YES;
				INFOPLIST_FILE = VpnExtension/Info.plist;
				INFOPLIST_KEY_CFBundleDisplayName = VpnExtension;
				INFOPLIST_KEY_NSHumanReadableCopyright = "";
				IPHONEOS_DEPLOYMENT_TARGET = 15.5;
				LD_RUNPATH_SEARCH_PATHS = (
					"$(inherited)",
					"@executable_path/Frameworks",
					"@executable_path/../../Frameworks",
				);
				MARKETING_VERSION = 1.0;
				PRODUCT_BUNDLE_IDENTIFIER = org.outline.ios.client.VpnExtension;
				"PRODUCT_BUNDLE_IDENTIFIER[sdk=macosx*]" = org.outline.macos.client.VpnExtension;
				PRODUCT_NAME = "$(TARGET_NAME)";
				SDKROOT = iphoneos;
				SKIP_INSTALL = YES;
				SUPPORTED_PLATFORMS = "iphoneos iphonesimulator macosx";
				SUPPORTS_MACCATALYST = YES;
				SUPPORTS_MAC_DESIGNED_FOR_IPHONE_IPAD = NO;
				SUPPORTS_XR_DESIGNED_FOR_IPHONE_IPAD = NO;
				SWIFT_EMIT_LOC_STRINGS = YES;
				SWIFT_OBJC_BRIDGING_HEADER = "VpnExtension/Sources/VpnExtension-Bridging-Header.h";
				SWIFT_VERSION = 5.0;
				TARGETED_DEVICE_FAMILY = "1,2";
				VALIDATE_PRODUCT = YES;
			};
			name = Release;
		};
/* End XCBuildConfiguration section */

/* Begin XCConfigurationList section */
		522E63F12C768BA30010C3FA /* Build configuration list for PBXNativeTarget "VpnExtensionTest" */ = {
			isa = XCConfigurationList;
			buildConfigurations = (
				522E63F22C768BA30010C3FA /* Debug */,
				522E63F32C768BA30010C3FA /* Release */,
			);
			defaultConfigurationIsVisible = 0;
			defaultConfigurationName = Release;
		};
		52334DE42B0D56D600817E56 /* Build configuration list for PBXProject "OutlineLib" */ = {
			isa = XCConfigurationList;
			buildConfigurations = (
				52334DFC2B0D56D600817E56 /* Debug */,
				52334DFD2B0D56D600817E56 /* Release */,
			);
			defaultConfigurationIsVisible = 0;
			defaultConfigurationName = Release;
		};
		52334EB52B0D58AD00817E56 /* Build configuration list for PBXNativeTarget "VpnExtension" */ = {
			isa = XCConfigurationList;
			buildConfigurations = (
				52334EB62B0D58AD00817E56 /* Debug */,
				52334EB72B0D58AD00817E56 /* Release */,
			);
			defaultConfigurationIsVisible = 0;
			defaultConfigurationName = Release;
		};
/* End XCConfigurationList section */

/* Begin XCLocalSwiftPackageReference section */
		523E5C362C530C63001EE0A7 /* XCLocalSwiftPackageReference "../OutlineAppleLib" */ = {
			isa = XCLocalSwiftPackageReference;
			relativePath = ../OutlineAppleLib;
		};
		5260B0682C4F114000CDF289 /* XCLocalSwiftPackageReference "../OutlineAppleLib" */ = {
			isa = XCLocalSwiftPackageReference;
			relativePath = ../OutlineAppleLib;
		};
/* End XCLocalSwiftPackageReference section */

/* Begin XCRemoteSwiftPackageReference section */
		522987062C4F278E009EE577 /* XCRemoteSwiftPackageReference "CocoaLumberjack" */ = {
			isa = XCRemoteSwiftPackageReference;
			repositoryURL = "https://github.com/CocoaLumberjack/CocoaLumberjack";
			requirement = {
				kind = upToNextMajorVersion;
				minimumVersion = 3.8.5;
			};
		};
/* End XCRemoteSwiftPackageReference section */

/* Begin XCSwiftPackageProductDependency section */
		522987072C4F278E009EE577 /* CocoaLumberjack */ = {
			isa = XCSwiftPackageProductDependency;
			package = 522987062C4F278E009EE577 /* XCRemoteSwiftPackageReference "CocoaLumberjack" */;
			productName = CocoaLumberjack;
		};
		522E64002C769BF30010C3FA /* CocoaLumberjackSwift */ = {
			isa = XCSwiftPackageProductDependency;
			package = 522987062C4F278E009EE577 /* XCRemoteSwiftPackageReference "CocoaLumberjack" */;
			productName = CocoaLumberjackSwift;
		};
		522E64022C769EB90010C3FA /* CocoaLumberjackSwift */ = {
			isa = XCSwiftPackageProductDependency;
			package = 522987062C4F278E009EE577 /* XCRemoteSwiftPackageReference "CocoaLumberjack" */;
			productName = CocoaLumberjackSwift;
		};
		5260B0832C4F18B200CDF289 /* PacketTunnelProvider */ = {
			isa = XCSwiftPackageProductDependency;
			package = 5260B0682C4F114000CDF289 /* XCLocalSwiftPackageReference "../OutlineAppleLib" */;
			productName = PacketTunnelProvider;
		};
		D53BEFB92C9CD28100CBE013 /* OutlineVPNExtensionLib */ = {
			isa = XCSwiftPackageProductDependency;
			productName = OutlineVPNExtensionLib;
		};
		D53BEFBB2C9CD28B00CBE013 /* OutlineVPNExtensionLib */ = {
			isa = XCSwiftPackageProductDependency;
			productName = OutlineVPNExtensionLib;
		};
/* End XCSwiftPackageProductDependency section */
	};
	rootObject = 52334DE12B0D56D600817E56 /* Project object */;
}
