{
  "pins" : [
    {
      "identity" : "cocoalumberjack",
      "kind" : "remoteSourceControl",
      "location" : "https://github.com/CocoaLumberjack/CocoaLumberjack",
      "state" : {
        "revision" : "0188d31089b5881a269e01777be74c7316924346",
        "version" : "3.8.0"
      }
    },
    {
      "identity" : "sentry-cocoa",
      "kind" : "remoteSourceControl",
      "location" : "https://github.com/getsentry/sentry-cocoa",
      "state" : {
        "revision" : "cf43eac1aa12017868c257ad3854ad87a5de0758",
        "version" : "7.31.5"
      }
    },
    {
      "identity" : "swift-log",
      "kind" : "remoteSourceControl",
      "location" : "https://github.com/apple/swift-log.git",
      "state" : {
        "revision" : "32e8d724467f8fe623624570367e3d50c5638e46",
        "version" : "1.5.2"
      }
    }
  ],
  "version" : 2
}
