{
  "pins" : [
    {
      "identity" : "cocoalumberjack",
      "kind" : "remoteSourceControl",
      "location" : "https://github.com/CocoaLumberjack/CocoaLumberjack",
      "state" : {
        "revision" : "80ada1f753b0d53d9b57c465936a7c4169375002",
        "version" : "3.7.4"
      }
    },
    {
      "identity" : "sentry-cocoa",
      "kind" : "remoteSourceControl",
      "location" : "https://github.com/getsentry/sentry-cocoa",
      "state" : {
        "revision" : "c3c19e29f775ee95b77aa3168f3e2fd6c20deba6",
        "version" : "7.31.3"
      }
    },
    {
      "identity" : "swift-log",
      "kind" : "remoteSourceControl",
      "location" : "https://github.com/apple/swift-log.git",
      "state" : {
        "revision" : "6fe203dc33195667ce1759bf0182975e4653ba1c",
        "version" : "1.4.4"
      }
    }
  ],
  "version" : 2
}
