// !$*UTF8*$!
{
	archiveVersion = 1;
	classes = {
	};
	objectVersion = 54;
	objects = {

/* Begin PBXBuildFile section */
		0207DA581B56EA530066E2B4 /* Assets.xcassets in Resources */ = {isa = PBXBuildFile; fileRef = 0207DA571B56EA530066E2B4 /* Assets.xcassets */; };
		1273B4E700B84E31B2528701 /* CDVClipboard.m in Sources */ = {isa = PBXBuildFile; fileRef = 91E45572BB494E9299D2DD41 /* CDVClipboard.m */; };
		1CE7466BA73B4CCB838EBE21 /* libz.tbd in Frameworks */ = {isa = PBXBuildFile; fileRef = 941052A220F54953928FF2E2 /* libz.tbd */; };
		1D3623260D0F684500981E51 /* AppDelegate.m in Sources */ = {isa = PBXBuildFile; fileRef = 1D3623250D0F684500981E51 /* AppDelegate.m */; };
		1D60589B0D05DD56006BFB54 /* main.m in Sources */ = {isa = PBXBuildFile; fileRef = 29B97316FDCFA39411CA2CEA /* main.m */; };
		2A617D29B96942E58B082FAC /* OutlinePlugin.swift in Sources */ = {isa = PBXBuildFile; fileRef = AAFAFA54943F490EAF4CD5BC /* OutlinePlugin.swift */; };
		301BF552109A68D80062928A /* libCordova.a in Frameworks */ = {isa = PBXBuildFile; fileRef = 301BF535109A57CC0062928A /* libCordova.a */; };
		302D95F114D2391D003F00A1 /* MainViewController.m in Sources */ = {isa = PBXBuildFile; fileRef = 302D95EF14D2391D003F00A1 /* MainViewController.m */; };
		302D95F214D2391D003F00A1 /* MainViewController.xib in Resources */ = {isa = PBXBuildFile; fileRef = 302D95F014D2391D003F00A1 /* MainViewController.xib */; };
		5260B05F2C4F0A4E00CDF289 /* VpnExtension.appex in Embed App Extensions */ = {isa = PBXBuildFile; fileRef = 5260B05C2C4F09FB00CDF289 /* VpnExtension.appex */; settings = {ATTRIBUTES = (RemoveHeadersOnCopy, ); }; };
		52CE53E7295B6A310064D03D /* Sentry in Frameworks */ = {isa = PBXBuildFile; productRef = 52CE53E6295B6A310064D03D /* Sentry */; };
		5F7F90AE0E924FD7B065C415 /* CDVStatusBar.m in Sources */ = {isa = PBXBuildFile; fileRef = 0394302BA6114B2AB648D4FF /* CDVStatusBar.m */; };
		65A9AC9C2BEC091700C5899F /* PrivacyInfo.xcprivacy in Resources */ = {isa = PBXBuildFile; fileRef = 65A9AC9B2BEC091700C5899F /* PrivacyInfo.xcprivacy */; };
		6AFF5BF91D6E424B00AB3073 /* CDVLaunchScreen.storyboard in Resources */ = {isa = PBXBuildFile; fileRef = 6AFF5BF81D6E424B00AB3073 /* CDVLaunchScreen.storyboard */; };
		A246B7E52B07AADD00ECACD5 /* AppKitIntegration.framework in Embed Frameworks */ = {isa = PBXBuildFile; fileRef = A246B7DD2B07AACF00ECACD5 /* AppKitIntegration.framework */; platformFilter = maccatalyst; settings = {ATTRIBUTES = (CodeSignOnCopy, RemoveHeadersOnCopy, ); }; };
		A25FB7DC2B0D4420009B6B5F /* AppKitIntegration.h in Headers */ = {isa = PBXBuildFile; fileRef = A272490D2B0D20530018A598 /* AppKitIntegration.h */; settings = {ATTRIBUTES = (Public, ); }; };
		A271D42D2A708240009981B2 /* AppDelegate+Outline.m in Sources */ = {isa = PBXBuildFile; fileRef = A271D42C2A708240009981B2 /* AppDelegate+Outline.m */; };
		A271D4342A70829D009981B2 /* OutlineAppleLib in Frameworks */ = {isa = PBXBuildFile; productRef = A271D4332A70829D009981B2 /* OutlineAppleLib */; };
		A272490F2B0D24200018A598 /* StatusItemController.swift in Sources */ = {isa = PBXBuildFile; fileRef = A2AC1A502B0821A7004E13CB /* StatusItemController.swift */; };
		A27B36512B07C51500004A08 /* CocoaLumberjack in Frameworks */ = {isa = PBXBuildFile; productRef = A27B36502B07C51500004A08 /* CocoaLumberjack */; };
		A27B36532B07C51500004A08 /* CocoaLumberjackSwift in Frameworks */ = {isa = PBXBuildFile; productRef = A27B36522B07C51500004A08 /* CocoaLumberjackSwift */; };
		A27F43AA29F6EC43002C3678 /* config.xml in Copy Files */ = {isa = PBXBuildFile; fileRef = F840E1F0165FE0F500CFE078 /* config.xml */; };
		A27F43AB29F6EC43002C3678 /* www in Copy Files */ = {isa = PBXBuildFile; fileRef = 301BF56E109A69640062928A /* www */; };
		A2AC1A4F2B082197004E13CB /* AppKitController.swift in Sources */ = {isa = PBXBuildFile; fileRef = A2AC1A4E2B082197004E13CB /* AppKitController.swift */; };
		A2AC1A9C2B082526004E13CB /* Localizable.strings in Resources */ = {isa = PBXBuildFile; fileRef = A2AC1A582B082526004E13CB /* Localizable.strings */; };
		A2AC1A9D2B082526004E13CB /* Assets.xcassets in Resources */ = {isa = PBXBuildFile; fileRef = A2AC1A9B2B082526004E13CB /* Assets.xcassets */; };
		FC8C310C1FAA88FB004262BE /* NetworkExtension.framework in Frameworks */ = {isa = PBXBuildFile; fileRef = FC8C310A1FAA814A004262BE /* NetworkExtension.framework */; };
/* End PBXBuildFile section */

/* Begin PBXContainerItemProxy section */
		301BF534109A57CC0062928A /* PBXContainerItemProxy */ = {
			isa = PBXContainerItemProxy;
			containerPortal = 301BF52D109A57CC0062928A /* CordovaLib/CordovaLib.xcodeproj */;
			proxyType = 2;
			remoteGlobalIDString = D2AAC07E0554694100DB518D;
			remoteInfo = CordovaLib;
		};
		301BF550109A68C00062928A /* PBXContainerItemProxy */ = {
			isa = PBXContainerItemProxy;
			containerPortal = 301BF52D109A57CC0062928A /* CordovaLib/CordovaLib.xcodeproj */;
			proxyType = 1;
			remoteGlobalIDString = D2AAC07D0554694100DB518D;
			remoteInfo = CordovaLib;
		};
		3BE967001F211C7E0077C3AC /* PBXContainerItemProxy */ = {
			isa = PBXContainerItemProxy;
			containerPortal = 301BF52D109A57CC0062928A /* CordovaLib/CordovaLib.xcodeproj */;
			proxyType = 2;
			remoteGlobalIDString = C0C01EB21E3911D50056E6CB;
			remoteInfo = Cordova;
		};
		5260B05B2C4F09FB00CDF289 /* PBXContainerItemProxy */ = {
			isa = PBXContainerItemProxy;
			containerPortal = 5260B0572C4F09FB00CDF289 /* OutlineLib.xcodeproj */;
			proxyType = 2;
			remoteGlobalIDString = 52334EAC2B0D58AD00817E56;
			remoteInfo = VpnExtension;
		};
		5260B05D2C4F0A3300CDF289 /* PBXContainerItemProxy */ = {
			isa = PBXContainerItemProxy;
			containerPortal = 5260B0572C4F09FB00CDF289 /* OutlineLib.xcodeproj */;
			proxyType = 1;
			remoteGlobalIDString = 52334EAB2B0D58AD00817E56;
			remoteInfo = VpnExtension;
		};
		A246B7E62B07AADD00ECACD5 /* PBXContainerItemProxy */ = {
			isa = PBXContainerItemProxy;
			containerPortal = 29B97313FDCFA39411CA2CEA /* Project object */;
			proxyType = 1;
			remoteGlobalIDString = A246B7DC2B07AACF00ECACD5;
			remoteInfo = AppKitIntegration;
		};
		A29688D02D84A5F60070772E /* PBXContainerItemProxy */ = {
			isa = PBXContainerItemProxy;
			containerPortal = 5260B0572C4F09FB00CDF289 /* OutlineLib.xcodeproj */;
			proxyType = 2;
			remoteGlobalIDString = 522E63ED2C768BA30010C3FA;
			remoteInfo = VpnExtensionTest;
		};
/* End PBXContainerItemProxy section */

/* Begin PBXCopyFilesBuildPhase section */
		3B0347571F212F0200C8EF1F /* Embed App Extensions */ = {
			isa = PBXCopyFilesBuildPhase;
			buildActionMask = 2147483647;
			dstPath = "";
			dstSubfolderSpec = 13;
			files = (
				5260B05F2C4F0A4E00CDF289 /* VpnExtension.appex in Embed App Extensions */,
			);
			name = "Embed App Extensions";
			runOnlyForDeploymentPostprocessing = 0;
		};
		A246B7E82B07AADD00ECACD5 /* Embed Frameworks */ = {
			isa = PBXCopyFilesBuildPhase;
			buildActionMask = 2147483647;
			dstPath = "";
			dstSubfolderSpec = 10;
			files = (
				A246B7E52B07AADD00ECACD5 /* AppKitIntegration.framework in Embed Frameworks */,
			);
			name = "Embed Frameworks";
			runOnlyForDeploymentPostprocessing = 0;
		};
		A27F43A929F6EC1C002C3678 /* Copy Files */ = {
			isa = PBXCopyFilesBuildPhase;
			buildActionMask = 2147483647;
			dstPath = "";
			dstSubfolderSpec = 7;
			files = (
				A27F43AA29F6EC43002C3678 /* config.xml in Copy Files */,
				A27F43AB29F6EC43002C3678 /* www in Copy Files */,
			);
			name = "Copy Files";
			runOnlyForDeploymentPostprocessing = 0;
		};
/* End PBXCopyFilesBuildPhase section */

/* Begin PBXFileReference section */
		0168F53D3AFF46F5B346C874 /* CDVStatusBar.h */ = {isa = PBXFileReference; explicitFileType = undefined; fileEncoding = 4; includeInIndex = 0; lastKnownFileType = sourcecode.c.h; name = CDVStatusBar.h; path = "cordova-plugin-statusbar/CDVStatusBar.h"; sourceTree = "<group>"; };
		0207DA571B56EA530066E2B4 /* Assets.xcassets */ = {isa = PBXFileReference; lastKnownFileType = folder.assetcatalog; name = Assets.xcassets; path = Outline/Assets.xcassets; sourceTree = SOURCE_ROOT; };
		0394302BA6114B2AB648D4FF /* CDVStatusBar.m */ = {isa = PBXFileReference; explicitFileType = undefined; fileEncoding = 4; includeInIndex = 0; lastKnownFileType = sourcecode.c.objc; name = CDVStatusBar.m; path = "cordova-plugin-statusbar/CDVStatusBar.m"; sourceTree = "<group>"; };
		1D3623240D0F684500981E51 /* AppDelegate.h */ = {isa = PBXFileReference; fileEncoding = 4; lastKnownFileType = sourcecode.c.h; path = AppDelegate.h; sourceTree = "<group>"; };
		1D3623250D0F684500981E51 /* AppDelegate.m */ = {isa = PBXFileReference; fileEncoding = 4; lastKnownFileType = sourcecode.c.objc; path = AppDelegate.m; sourceTree = "<group>"; };
		1D6058910D05DD3D006BFB54 /* Outline.app */ = {isa = PBXFileReference; explicitFileType = wrapper.application; includeInIndex = 0; path = Outline.app; sourceTree = BUILT_PRODUCTS_DIR; };
		29B97316FDCFA39411CA2CEA /* main.m */ = {isa = PBXFileReference; fileEncoding = 4; lastKnownFileType = sourcecode.c.objc; path = main.m; sourceTree = "<group>"; };
		301BF52D109A57CC0062928A /* CordovaLib/CordovaLib.xcodeproj */ = {isa = PBXFileReference; lastKnownFileType = "wrapper.pb-project"; path = CordovaLib/CordovaLib.xcodeproj; sourceTree = "<group>"; };
		301BF56E109A69640062928A /* www */ = {isa = PBXFileReference; lastKnownFileType = folder; path = www; sourceTree = SOURCE_ROOT; };
		302D95EE14D2391D003F00A1 /* MainViewController.h */ = {isa = PBXFileReference; fileEncoding = 4; lastKnownFileType = sourcecode.c.h; path = MainViewController.h; sourceTree = "<group>"; };
		302D95EF14D2391D003F00A1 /* MainViewController.m */ = {isa = PBXFileReference; fileEncoding = 4; lastKnownFileType = sourcecode.c.objc; path = MainViewController.m; sourceTree = "<group>"; };
		302D95F014D2391D003F00A1 /* MainViewController.xib */ = {isa = PBXFileReference; fileEncoding = 4; lastKnownFileType = file.xib; path = MainViewController.xib; sourceTree = "<group>"; };
		3047A50F1AB8059700498E2A /* build-debug.xcconfig */ = {isa = PBXFileReference; fileEncoding = 4; lastKnownFileType = text.xcconfig; name = "build-debug.xcconfig"; path = "cordova/build-debug.xcconfig"; sourceTree = SOURCE_ROOT; };
		3047A5101AB8059700498E2A /* build-release.xcconfig */ = {isa = PBXFileReference; fileEncoding = 4; lastKnownFileType = text.xcconfig; name = "build-release.xcconfig"; path = "cordova/build-release.xcconfig"; sourceTree = SOURCE_ROOT; };
		3047A5111AB8059700498E2A /* build.xcconfig */ = {isa = PBXFileReference; fileEncoding = 4; lastKnownFileType = text.xcconfig; name = build.xcconfig; path = cordova/build.xcconfig; sourceTree = SOURCE_ROOT; };
		32CA4F630368D1EE00C91783 /* Outline-Prefix.pch */ = {isa = PBXFileReference; fileEncoding = 4; lastKnownFileType = sourcecode.c.h; path = "Outline-Prefix.pch"; sourceTree = "<group>"; };
		3B0347431F212E6500C8EF1F /* Outline.entitlements */ = {isa = PBXFileReference; lastKnownFileType = text.plist.entitlements; name = Outline.entitlements; path = Outline/Outline.entitlements; sourceTree = "<group>"; };
		5260B0572C4F09FB00CDF289 /* OutlineLib.xcodeproj */ = {isa = PBXFileReference; lastKnownFileType = "wrapper.pb-project"; name = OutlineLib.xcodeproj; path = ../../src/cordova/apple/OutlineLib/OutlineLib.xcodeproj; sourceTree = "<group>"; };
		65A9AC9B2BEC091700C5899F /* PrivacyInfo.xcprivacy */ = {isa = PBXFileReference; lastKnownFileType = text.xml; path = PrivacyInfo.xcprivacy; sourceTree = "<group>"; };
		6AFF5BF81D6E424B00AB3073 /* CDVLaunchScreen.storyboard */ = {isa = PBXFileReference; fileEncoding = 4; lastKnownFileType = file.storyboard; name = CDVLaunchScreen.storyboard; path = Outline/CDVLaunchScreen.storyboard; sourceTree = SOURCE_ROOT; };
		8D1107310486CEB800E47090 /* Outline-Info.plist */ = {isa = PBXFileReference; fileEncoding = 4; lastKnownFileType = text.plist.xml; name = "Outline-Info.plist"; path = "Outline/Outline-Info.plist"; plistStructureDefinitionIdentifier = "com.apple.xcode.plist.structure-definition.iphone.info-plist"; sourceTree = SOURCE_ROOT; };
		91E45572BB494E9299D2DD41 /* CDVClipboard.m */ = {isa = PBXFileReference; explicitFileType = undefined; fileEncoding = 4; includeInIndex = 0; lastKnownFileType = sourcecode.c.objc; name = CDVClipboard.m; path = "cordova-plugin-clipboard/CDVClipboard.m"; sourceTree = "<group>"; };
		936C2951B7544BC8A20B6746 /* CDVClipboard.h */ = {isa = PBXFileReference; explicitFileType = undefined; fileEncoding = 4; includeInIndex = 0; lastKnownFileType = sourcecode.c.h; name = CDVClipboard.h; path = "cordova-plugin-clipboard/CDVClipboard.h"; sourceTree = "<group>"; };
		941052A220F54953928FF2E2 /* libz.tbd */ = {isa = PBXFileReference; explicitFileType = undefined; fileEncoding = 9; includeInIndex = 0; lastKnownFileType = "sourcecode.text-based-dylib-definition"; name = libz.tbd; path = usr/lib/libz.tbd; sourceTree = SDKROOT; };
		A246B7DD2B07AACF00ECACD5 /* AppKitIntegration.framework */ = {isa = PBXFileReference; explicitFileType = wrapper.framework; includeInIndex = 0; path = AppKitIntegration.framework; sourceTree = BUILT_PRODUCTS_DIR; };
		A271D42C2A708240009981B2 /* AppDelegate+Outline.m */ = {isa = PBXFileReference; lastKnownFileType = sourcecode.c.objc; path = "AppDelegate+Outline.m"; sourceTree = "<group>"; };
		A271D42E2A708253009981B2 /* AppDelegate+Outline.h */ = {isa = PBXFileReference; lastKnownFileType = sourcecode.c.h; path = "AppDelegate+Outline.h"; sourceTree = "<group>"; };
		A272490D2B0D20530018A598 /* AppKitIntegration.h */ = {isa = PBXFileReference; lastKnownFileType = sourcecode.c.h; path = AppKitIntegration.h; sourceTree = "<group>"; };
		A2AC1A4E2B082197004E13CB /* AppKitController.swift */ = {isa = PBXFileReference; lastKnownFileType = sourcecode.swift; path = AppKitController.swift; sourceTree = "<group>"; };
		A2AC1A502B0821A7004E13CB /* StatusItemController.swift */ = {isa = PBXFileReference; lastKnownFileType = sourcecode.swift; path = StatusItemController.swift; sourceTree = "<group>"; };
		A2AC1A592B082526004E13CB /* de */ = {isa = PBXFileReference; lastKnownFileType = text.plist.strings; name = de; path = de.lproj/Localizable.strings; sourceTree = "<group>"; };
		A2AC1A5A2B082526004E13CB /* ur */ = {isa = PBXFileReference; lastKnownFileType = text.plist.strings; name = ur; path = ur.lproj/Localizable.strings; sourceTree = "<group>"; };
		A2AC1A5B2B082526004E13CB /* he */ = {isa = PBXFileReference; lastKnownFileType = text.plist.strings; name = he; path = he.lproj/Localizable.strings; sourceTree = "<group>"; };
		A2AC1A5C2B082526004E13CB /* ar */ = {isa = PBXFileReference; lastKnownFileType = text.plist.strings; name = ar; path = ar.lproj/Localizable.strings; sourceTree = "<group>"; };
		A2AC1A5D2B082526004E13CB /* el */ = {isa = PBXFileReference; lastKnownFileType = text.plist.strings; name = el; path = el.lproj/Localizable.strings; sourceTree = "<group>"; };
		A2AC1A5E2B082526004E13CB /* zh-Hans */ = {isa = PBXFileReference; lastKnownFileType = text.plist.strings; name = "zh-Hans"; path = "zh-Hans.lproj/Localizable.strings"; sourceTree = "<group>"; };
		A2AC1A5F2B082526004E13CB /* ja */ = {isa = PBXFileReference; lastKnownFileType = text.plist.strings; name = ja; path = ja.lproj/Localizable.strings; sourceTree = "<group>"; };
		A2AC1A602B082526004E13CB /* fa */ = {isa = PBXFileReference; lastKnownFileType = text.plist.strings; name = fa; path = fa.lproj/Localizable.strings; sourceTree = "<group>"; };
		A2AC1A612B082526004E13CB /* mr */ = {isa = PBXFileReference; lastKnownFileType = text.plist.strings; name = mr; path = mr.lproj/Localizable.strings; sourceTree = "<group>"; };
		A2AC1A622B082526004E13CB /* mk */ = {isa = PBXFileReference; lastKnownFileType = text.plist.strings; name = mk; path = mk.lproj/Localizable.strings; sourceTree = "<group>"; };
		A2AC1A632B082526004E13CB /* sq */ = {isa = PBXFileReference; lastKnownFileType = text.plist.strings; name = sq; path = sq.lproj/Localizable.strings; sourceTree = "<group>"; };
		A2AC1A642B082526004E13CB /* en */ = {isa = PBXFileReference; lastKnownFileType = text.plist.strings; name = en; path = en.lproj/Localizable.strings; sourceTree = "<group>"; };
		A2AC1A652B082526004E13CB /* uk */ = {isa = PBXFileReference; lastKnownFileType = text.plist.strings; name = uk; path = uk.lproj/Localizable.strings; sourceTree = "<group>"; };
		A2AC1A662B082526004E13CB /* en-GB */ = {isa = PBXFileReference; lastKnownFileType = text.plist.strings; name = "en-GB"; path = "en-GB.lproj/Localizable.strings"; sourceTree = "<group>"; };
		A2AC1A672B082526004E13CB /* am */ = {isa = PBXFileReference; lastKnownFileType = text.plist.strings; name = am; path = am.lproj/Localizable.strings; sourceTree = "<group>"; };
		A2AC1A682B082526004E13CB /* es */ = {isa = PBXFileReference; lastKnownFileType = text.plist.strings; name = es; path = es.lproj/Localizable.strings; sourceTree = "<group>"; };
		A2AC1A692B082526004E13CB /* sw */ = {isa = PBXFileReference; lastKnownFileType = text.plist.strings; name = sw; path = sw.lproj/Localizable.strings; sourceTree = "<group>"; };
		A2AC1A6A2B082526004E13CB /* is */ = {isa = PBXFileReference; lastKnownFileType = text.plist.strings; name = is; path = is.lproj/Localizable.strings; sourceTree = "<group>"; };
		A2AC1A6B2B082526004E13CB /* sl */ = {isa = PBXFileReference; lastKnownFileType = text.plist.strings; name = sl; path = sl.lproj/Localizable.strings; sourceTree = "<group>"; };
		A2AC1A6C2B082526004E13CB /* da */ = {isa = PBXFileReference; lastKnownFileType = text.plist.strings; name = da; path = da.lproj/Localizable.strings; sourceTree = "<group>"; };
		A2AC1A6D2B082526004E13CB /* es-419 */ = {isa = PBXFileReference; lastKnownFileType = text.plist.strings; name = "es-419"; path = "es-419.lproj/Localizable.strings"; sourceTree = "<group>"; };
		A2AC1A6E2B082526004E13CB /* et */ = {isa = PBXFileReference; lastKnownFileType = text.plist.strings; name = et; path = et.lproj/Localizable.strings; sourceTree = "<group>"; };
		A2AC1A6F2B082526004E13CB /* it */ = {isa = PBXFileReference; lastKnownFileType = text.plist.strings; name = it; path = it.lproj/Localizable.strings; sourceTree = "<group>"; };
		A2AC1A702B082526004E13CB /* bg */ = {isa = PBXFileReference; lastKnownFileType = text.plist.strings; name = bg; path = bg.lproj/Localizable.strings; sourceTree = "<group>"; };
		A2AC1A712B082526004E13CB /* sk */ = {isa = PBXFileReference; lastKnownFileType = text.plist.strings; name = sk; path = sk.lproj/Localizable.strings; sourceTree = "<group>"; };
		A2AC1A722B082526004E13CB /* sr-Latn */ = {isa = PBXFileReference; lastKnownFileType = text.plist.strings; name = "sr-Latn"; path = "sr-Latn.lproj/Localizable.strings"; sourceTree = "<group>"; };
		A2AC1A732B082526004E13CB /* kk */ = {isa = PBXFileReference; lastKnownFileType = text.plist.strings; name = kk; path = kk.lproj/Localizable.strings; sourceTree = "<group>"; };
		A2AC1A742B082526004E13CB /* sr */ = {isa = PBXFileReference; lastKnownFileType = text.plist.strings; name = sr; path = sr.lproj/Localizable.strings; sourceTree = "<group>"; };
		A2AC1A752B082526004E13CB /* ms */ = {isa = PBXFileReference; lastKnownFileType = text.plist.strings; name = ms; path = ms.lproj/Localizable.strings; sourceTree = "<group>"; };
		A2AC1A762B082526004E13CB /* si */ = {isa = PBXFileReference; lastKnownFileType = text.plist.strings; name = si; path = si.lproj/Localizable.strings; sourceTree = "<group>"; };
		A2AC1A772B082526004E13CB /* ta */ = {isa = PBXFileReference; lastKnownFileType = text.plist.strings; name = ta; path = ta.lproj/Localizable.strings; sourceTree = "<group>"; };
		A2AC1A782B082526004E13CB /* ne */ = {isa = PBXFileReference; lastKnownFileType = text.plist.strings; name = ne; path = ne.lproj/Localizable.strings; sourceTree = "<group>"; };
		A2AC1A792B082526004E13CB /* sv */ = {isa = PBXFileReference; lastKnownFileType = text.plist.strings; name = sv; path = sv.lproj/Localizable.strings; sourceTree = "<group>"; };
		A2AC1A7A2B082526004E13CB /* cs */ = {isa = PBXFileReference; lastKnownFileType = text.plist.strings; name = cs; path = cs.lproj/Localizable.strings; sourceTree = "<group>"; };
		A2AC1A7B2B082526004E13CB /* km */ = {isa = PBXFileReference; lastKnownFileType = text.plist.strings; name = km; path = km.lproj/Localizable.strings; sourceTree = "<group>"; };
		A2AC1A7C2B082526004E13CB /* ko */ = {isa = PBXFileReference; lastKnownFileType = text.plist.strings; name = ko; path = ko.lproj/Localizable.strings; sourceTree = "<group>"; };
		A2AC1A7D2B082526004E13CB /* fil */ = {isa = PBXFileReference; lastKnownFileType = text.plist.strings; name = fil; path = fil.lproj/Localizable.strings; sourceTree = "<group>"; };
		A2AC1A7E2B082526004E13CB /* hy */ = {isa = PBXFileReference; lastKnownFileType = text.plist.strings; name = hy; path = hy.lproj/Localizable.strings; sourceTree = "<group>"; };
		A2AC1A7F2B082526004E13CB /* zh-Hant */ = {isa = PBXFileReference; lastKnownFileType = text.plist.strings; name = "zh-Hant"; path = "zh-Hant.lproj/Localizable.strings"; sourceTree = "<group>"; };
		A2AC1A802B082526004E13CB /* mn */ = {isa = PBXFileReference; lastKnownFileType = text.plist.strings; name = mn; path = mn.lproj/Localizable.strings; sourceTree = "<group>"; };
		A2AC1A812B082526004E13CB /* my */ = {isa = PBXFileReference; lastKnownFileType = text.plist.strings; name = my; path = my.lproj/Localizable.strings; sourceTree = "<group>"; };
		A2AC1A822B082526004E13CB /* no */ = {isa = PBXFileReference; lastKnownFileType = text.plist.strings; name = no; path = no.lproj/Localizable.strings; sourceTree = "<group>"; };
		A2AC1A832B082526004E13CB /* hu */ = {isa = PBXFileReference; lastKnownFileType = text.plist.strings; name = hu; path = hu.lproj/Localizable.strings; sourceTree = "<group>"; };
		A2AC1A842B082526004E13CB /* ka */ = {isa = PBXFileReference; lastKnownFileType = text.plist.strings; name = ka; path = ka.lproj/Localizable.strings; sourceTree = "<group>"; };
		A2AC1A852B082526004E13CB /* tr */ = {isa = PBXFileReference; lastKnownFileType = text.plist.strings; name = tr; path = tr.lproj/Localizable.strings; sourceTree = "<group>"; };
		A2AC1A862B082526004E13CB /* pl */ = {isa = PBXFileReference; lastKnownFileType = text.plist.strings; name = pl; path = pl.lproj/Localizable.strings; sourceTree = "<group>"; };
		A2AC1A872B082526004E13CB /* pt-BR */ = {isa = PBXFileReference; lastKnownFileType = text.plist.strings; name = "pt-BR"; path = "pt-BR.lproj/Localizable.strings"; sourceTree = "<group>"; };
		A2AC1A882B082526004E13CB /* vi */ = {isa = PBXFileReference; lastKnownFileType = text.plist.strings; name = vi; path = vi.lproj/Localizable.strings; sourceTree = "<group>"; };
		A2AC1A892B082526004E13CB /* lv */ = {isa = PBXFileReference; lastKnownFileType = text.plist.strings; name = lv; path = lv.lproj/Localizable.strings; sourceTree = "<group>"; };
		A2AC1A8A2B082526004E13CB /* lo */ = {isa = PBXFileReference; lastKnownFileType = text.plist.strings; name = lo; path = lo.lproj/Localizable.strings; sourceTree = "<group>"; };
		A2AC1A8B2B082526004E13CB /* lt */ = {isa = PBXFileReference; lastKnownFileType = text.plist.strings; name = lt; path = lt.lproj/Localizable.strings; sourceTree = "<group>"; };
		A2AC1A8C2B082526004E13CB /* ru */ = {isa = PBXFileReference; lastKnownFileType = text.plist.strings; name = ru; path = ru.lproj/Localizable.strings; sourceTree = "<group>"; };
		A2AC1A8D2B082526004E13CB /* af */ = {isa = PBXFileReference; lastKnownFileType = text.plist.strings; name = af; path = af.lproj/Localizable.strings; sourceTree = "<group>"; };
		A2AC1A8E2B082526004E13CB /* fr */ = {isa = PBXFileReference; lastKnownFileType = text.plist.strings; name = fr; path = fr.lproj/Localizable.strings; sourceTree = "<group>"; };
		A2AC1A8F2B082526004E13CB /* fi */ = {isa = PBXFileReference; lastKnownFileType = text.plist.strings; name = fi; path = fi.lproj/Localizable.strings; sourceTree = "<group>"; };
		A2AC1A902B082526004E13CB /* id */ = {isa = PBXFileReference; lastKnownFileType = text.plist.strings; name = id; path = id.lproj/Localizable.strings; sourceTree = "<group>"; };
		A2AC1A912B082526004E13CB /* nl */ = {isa = PBXFileReference; lastKnownFileType = text.plist.strings; name = nl; path = nl.lproj/Localizable.strings; sourceTree = "<group>"; };
		A2AC1A922B082526004E13CB /* th */ = {isa = PBXFileReference; lastKnownFileType = text.plist.strings; name = th; path = th.lproj/Localizable.strings; sourceTree = "<group>"; };
		A2AC1A932B082526004E13CB /* az */ = {isa = PBXFileReference; lastKnownFileType = text.plist.strings; name = az; path = az.lproj/Localizable.strings; sourceTree = "<group>"; };
		A2AC1A942B082526004E13CB /* bn */ = {isa = PBXFileReference; lastKnownFileType = text.plist.strings; name = bn; path = bn.lproj/Localizable.strings; sourceTree = "<group>"; };
		A2AC1A952B082526004E13CB /* pt-PT */ = {isa = PBXFileReference; lastKnownFileType = text.plist.strings; name = "pt-PT"; path = "pt-PT.lproj/Localizable.strings"; sourceTree = "<group>"; };
		A2AC1A962B082526004E13CB /* ro */ = {isa = PBXFileReference; lastKnownFileType = text.plist.strings; name = ro; path = ro.lproj/Localizable.strings; sourceTree = "<group>"; };
		A2AC1A972B082526004E13CB /* bs */ = {isa = PBXFileReference; lastKnownFileType = text.plist.strings; name = bs; path = bs.lproj/Localizable.strings; sourceTree = "<group>"; };
		A2AC1A982B082526004E13CB /* hr */ = {isa = PBXFileReference; lastKnownFileType = text.plist.strings; name = hr; path = hr.lproj/Localizable.strings; sourceTree = "<group>"; };
		A2AC1A992B082526004E13CB /* hi */ = {isa = PBXFileReference; lastKnownFileType = text.plist.strings; name = hi; path = hi.lproj/Localizable.strings; sourceTree = "<group>"; };
		A2AC1A9A2B082526004E13CB /* ca */ = {isa = PBXFileReference; lastKnownFileType = text.plist.strings; name = ca; path = ca.lproj/Localizable.strings; sourceTree = "<group>"; };
		A2AC1A9B2B082526004E13CB /* Assets.xcassets */ = {isa = PBXFileReference; lastKnownFileType = folder.assetcatalog; path = Assets.xcassets; sourceTree = "<group>"; };
		AAFAFA54943F490EAF4CD5BC /* OutlinePlugin.swift */ = {isa = PBXFileReference; explicitFileType = undefined; fileEncoding = 4; includeInIndex = 0; lastKnownFileType = sourcecode.swift; name = OutlinePlugin.swift; path = "cordova-plugin-outline/OutlinePlugin.swift"; sourceTree = "<group>"; };
		EB87FDF31871DA8E0020F90C /* www */ = {isa = PBXFileReference; lastKnownFileType = folder; name = www; path = ../../www; sourceTree = "<group>"; };
		EB87FDF41871DAF40020F90C /* config.xml */ = {isa = PBXFileReference; lastKnownFileType = text.xml; name = config.xml; path = ../../config.xml; sourceTree = "<group>"; };
		ED33DF2A687741AEAF9F8254 /* Bridging-Header.h */ = {isa = PBXFileReference; fileEncoding = 4; lastKnownFileType = sourcecode.c.h; path = "Bridging-Header.h"; sourceTree = "<group>"; };
		F63DC2162970AFE600D92E0A /* OutlineAppleLib */ = {isa = PBXFileReference; lastKnownFileType = wrapper; name = OutlineAppleLib; path = ../../src/cordova/apple/OutlineAppleLib; sourceTree = "<group>"; };
		F840E1F0165FE0F500CFE078 /* config.xml */ = {isa = PBXFileReference; lastKnownFileType = text.xml; name = config.xml; path = Outline/config.xml; sourceTree = "<group>"; };
		FC8C310A1FAA814A004262BE /* NetworkExtension.framework */ = {isa = PBXFileReference; lastKnownFileType = wrapper.framework; name = NetworkExtension.framework; path = System/Library/Frameworks/NetworkExtension.framework; sourceTree = SDKROOT; };
/* End PBXFileReference section */

/* Begin PBXFrameworksBuildPhase section */
		1D60588F0D05DD3D006BFB54 /* Frameworks */ = {
			isa = PBXFrameworksBuildPhase;
			buildActionMask = 2147483647;
			files = (
				A27B36512B07C51500004A08 /* CocoaLumberjack in Frameworks */,
				301BF552109A68D80062928A /* libCordova.a in Frameworks */,
				FC8C310C1FAA88FB004262BE /* NetworkExtension.framework in Frameworks */,
				A271D4342A70829D009981B2 /* OutlineAppleLib in Frameworks */,
				A27B36532B07C51500004A08 /* CocoaLumberjackSwift in Frameworks */,
				52CE53E7295B6A310064D03D /* Sentry in Frameworks */,
				1CE7466BA73B4CCB838EBE21 /* libz.tbd in Frameworks */,
			);
			runOnlyForDeploymentPostprocessing = 0;
		};
/* End PBXFrameworksBuildPhase section */

/* Begin PBXGroup section */
		080E96DDFE201D6D7F000001 /* Classes */ = {
			isa = PBXGroup;
			children = (
				A2C58D0B2B069CC8008222FC /* AppKitBridge */,
				302D95EE14D2391D003F00A1 /* MainViewController.h */,
				302D95EF14D2391D003F00A1 /* MainViewController.m */,
				302D95F014D2391D003F00A1 /* MainViewController.xib */,
				1D3623240D0F684500981E51 /* AppDelegate.h */,
				1D3623250D0F684500981E51 /* AppDelegate.m */,
				A271D42C2A708240009981B2 /* AppDelegate+Outline.m */,
				A271D42E2A708253009981B2 /* AppDelegate+Outline.h */,
			);
			name = Classes;
			path = Outline/Classes;
			sourceTree = SOURCE_ROOT;
		};
		19C28FACFE9D520D11CA2CBB /* Products */ = {
			isa = PBXGroup;
			children = (
				1D6058910D05DD3D006BFB54 /* Outline.app */,
				A246B7DD2B07AACF00ECACD5 /* AppKitIntegration.framework */,
			);
			name = Products;
			sourceTree = "<group>";
		};
		29B97314FDCFA39411CA2CEA /* CustomTemplate */ = {
			isa = PBXGroup;
			children = (
				5260B0572C4F09FB00CDF289 /* OutlineLib.xcodeproj */,
				65A9AC9B2BEC091700C5899F /* PrivacyInfo.xcprivacy */,
				F6D33648296CF46200AFD613 /* Packages */,
				3B0347431F212E6500C8EF1F /* Outline.entitlements */,
				EB87FDF41871DAF40020F90C /* config.xml */,
				EB87FDF31871DA8E0020F90C /* www */,
				EB87FDF11871DA420020F90C /* Staging */,
				301BF52D109A57CC0062928A /* CordovaLib/CordovaLib.xcodeproj */,
				080E96DDFE201D6D7F000001 /* Classes */,
				307C750510C5A3420062BCA9 /* Plugins */,
				29B97315FDCFA39411CA2CEA /* Other Sources */,
				29B97317FDCFA39411CA2CEA /* Resources */,
				29B97323FDCFA39411CA2CEA /* Frameworks */,
				19C28FACFE9D520D11CA2CBB /* Products */,
			);
			name = CustomTemplate;
			sourceTree = "<group>";
		};
		29B97315FDCFA39411CA2CEA /* Other Sources */ = {
			isa = PBXGroup;
			children = (
				32CA4F630368D1EE00C91783 /* Outline-Prefix.pch */,
				29B97316FDCFA39411CA2CEA /* main.m */,
				ED33DF2A687741AEAF9F8254 /* Bridging-Header.h */,
			);
			name = "Other Sources";
			path = Outline;
			sourceTree = "<group>";
		};
		29B97317FDCFA39411CA2CEA /* Resources */ = {
			isa = PBXGroup;
			children = (
				0207DA571B56EA530066E2B4 /* Assets.xcassets */,
				3047A50E1AB8057F00498E2A /* config */,
				8D1107310486CEB800E47090 /* Outline-Info.plist */,
				6AFF5BF81D6E424B00AB3073 /* CDVLaunchScreen.storyboard */,
			);
			name = Resources;
			path = Outline/Resources;
			sourceTree = "<group>";
		};
		29B97323FDCFA39411CA2CEA /* Frameworks */ = {
			isa = PBXGroup;
			children = (
				FC8C310A1FAA814A004262BE /* NetworkExtension.framework */,
				941052A220F54953928FF2E2 /* libz.tbd */,
			);
			name = Frameworks;
			sourceTree = "<group>";
		};
		301BF52E109A57CC0062928A /* Products */ = {
			isa = PBXGroup;
			children = (
				301BF535109A57CC0062928A /* libCordova.a */,
				3BE967011F211C7E0077C3AC /* Cordova.framework */,
			);
			name = Products;
			sourceTree = "<group>";
		};
		3047A50E1AB8057F00498E2A /* config */ = {
			isa = PBXGroup;
			children = (
				3047A50F1AB8059700498E2A /* build-debug.xcconfig */,
				3047A5101AB8059700498E2A /* build-release.xcconfig */,
				3047A5111AB8059700498E2A /* build.xcconfig */,
			);
			name = config;
			sourceTree = "<group>";
		};
		307C750510C5A3420062BCA9 /* Plugins */ = {
			isa = PBXGroup;
			children = (
				0394302BA6114B2AB648D4FF /* CDVStatusBar.m */,
				0168F53D3AFF46F5B346C874 /* CDVStatusBar.h */,
				AAFAFA54943F490EAF4CD5BC /* OutlinePlugin.swift */,
				91E45572BB494E9299D2DD41 /* CDVClipboard.m */,
				936C2951B7544BC8A20B6746 /* CDVClipboard.h */,
			);
			name = Plugins;
			path = Outline/Plugins;
			sourceTree = SOURCE_ROOT;
		};
		5260B0582C4F09FB00CDF289 /* Products */ = {
			isa = PBXGroup;
			children = (
				5260B05C2C4F09FB00CDF289 /* VpnExtension.appex */,
				A29688D12D84A5F60070772E /* VpnExtensionTest.xctest */,
			);
			name = Products;
			sourceTree = "<group>";
		};
		A2AC1A562B082526004E13CB /* Resources */ = {
			isa = PBXGroup;
			children = (
				A2AC1A572B082526004E13CB /* Strings */,
				A2AC1A9B2B082526004E13CB /* Assets.xcassets */,
			);
			path = Resources;
			sourceTree = "<group>";
		};
		A2AC1A572B082526004E13CB /* Strings */ = {
			isa = PBXGroup;
			children = (
				A2AC1A582B082526004E13CB /* Localizable.strings */,
			);
			path = Strings;
			sourceTree = "<group>";
		};
		A2C58D0B2B069CC8008222FC /* AppKitBridge */ = {
			isa = PBXGroup;
			children = (
				A2AC1A562B082526004E13CB /* Resources */,
				A2AC1A4E2B082197004E13CB /* AppKitController.swift */,
				A2AC1A502B0821A7004E13CB /* StatusItemController.swift */,
				A272490D2B0D20530018A598 /* AppKitIntegration.h */,
			);
			path = AppKitBridge;
			sourceTree = "<group>";
		};
		EB87FDF11871DA420020F90C /* Staging */ = {
			isa = PBXGroup;
			children = (
				F840E1F0165FE0F500CFE078 /* config.xml */,
				301BF56E109A69640062928A /* www */,
			);
			name = Staging;
			sourceTree = "<group>";
		};
		F6D33648296CF46200AFD613 /* Packages */ = {
			isa = PBXGroup;
			children = (
				F63DC2162970AFE600D92E0A /* OutlineAppleLib */,
			);
			name = Packages;
			sourceTree = "<group>";
		};
/* End PBXGroup section */

/* Begin PBXHeadersBuildPhase section */
		A272490C2B0D20200018A598 /* Headers */ = {
			isa = PBXHeadersBuildPhase;
			buildActionMask = 2147483647;
			files = (
				A25FB7DC2B0D4420009B6B5F /* AppKitIntegration.h in Headers */,
			);
			runOnlyForDeploymentPostprocessing = 0;
		};
/* End PBXHeadersBuildPhase section */

/* Begin PBXNativeTarget section */
		1D6058900D05DD3D006BFB54 /* Outline */ = {
			isa = PBXNativeTarget;
			buildConfigurationList = 1D6058960D05DD3E006BFB54 /* Build configuration list for PBXNativeTarget "Outline" */;
			buildPhases = (
				A27F43A929F6EC1C002C3678 /* Copy Files */,
				1D60588D0D05DD3D006BFB54 /* Resources */,
				1D60588E0D05DD3D006BFB54 /* Sources */,
				1D60588F0D05DD3D006BFB54 /* Frameworks */,
				3B0347571F212F0200C8EF1F /* Embed App Extensions */,
				A246B7E82B07AADD00ECACD5 /* Embed Frameworks */,
				FC0FFD6C1FCCE21E00EB0129 /* Remove unused framework architectures */,
			);
			buildRules = (
			);
			dependencies = (
				5260B05E2C4F0A3300CDF289 /* PBXTargetDependency */,
				301BF551109A68C00062928A /* PBXTargetDependency */,
				A246B7E72B07AADD00ECACD5 /* PBXTargetDependency */,
			);
			name = Outline;
			packageProductDependencies = (
				52CE53E6295B6A310064D03D /* Sentry */,
				A271D4332A70829D009981B2 /* OutlineAppleLib */,
				A27B36502B07C51500004A08 /* CocoaLumberjack */,
				A27B36522B07C51500004A08 /* CocoaLumberjackSwift */,
			);
			productName = Outline;
			productReference = 1D6058910D05DD3D006BFB54 /* Outline.app */;
			productType = "com.apple.product-type.application";
		};
		A246B7DC2B07AACF00ECACD5 /* AppKitIntegration */ = {
			isa = PBXNativeTarget;
			buildConfigurationList = A246B7E12B07AACF00ECACD5 /* Build configuration list for PBXNativeTarget "AppKitIntegration" */;
			buildPhases = (
				A272490C2B0D20200018A598 /* Headers */,
				A246B7D92B07AACF00ECACD5 /* Sources */,
				A246B7DB2B07AACF00ECACD5 /* Resources */,
			);
			buildRules = (
			);
			dependencies = (
			);
			name = AppKitIntegration;
			packageProductDependencies = (
			);
			productName = AppKitIntegration;
			productReference = A246B7DD2B07AACF00ECACD5 /* AppKitIntegration.framework */;
			productType = "com.apple.product-type.framework";
		};
/* End PBXNativeTarget section */

/* Begin PBXProject section */
		29B97313FDCFA39411CA2CEA /* Project object */ = {
			isa = PBXProject;
			attributes = {
				LastSwiftUpdateCheck = 1430;
				LastUpgradeCheck = 1010;
				TargetAttributes = {
					1D6058900D05DD3D006BFB54 = {
						LastSwiftMigration = 1130;
						SystemCapabilities = {
							com.apple.ApplicationGroups.iOS = {
								enabled = 1;
							};
						};
					};
					A246B7DC2B07AACF00ECACD5 = {
						CreatedOnToolsVersion = 15.0.1;
					};
				};
			};
			buildConfigurationList = C01FCF4E08A954540054247B /* Build configuration list for PBXProject "Outline" */;
			compatibilityVersion = "Xcode 3.2";
			developmentRegion = en;
			hasScannedForEncodings = 1;
			knownRegions = (
				en,
				Base,
				de,
				ur,
				he,
				ar,
				el,
				"zh-Hans",
				ja,
				fa,
				mr,
				mk,
				sq,
				uk,
				"en-GB",
				am,
				es,
				sw,
				is,
				sl,
				da,
				"es-419",
				et,
				it,
				bg,
				sk,
				"sr-Latn",
				kk,
				sr,
				ms,
				si,
				ta,
				ne,
				sv,
				cs,
				km,
				ko,
				fil,
				hy,
				"zh-Hant",
				mn,
				my,
				no,
				nb,
				hu,
				ka,
				tr,
				pl,
				"pt-BR",
				vi,
				lv,
				lo,
				lt,
				ru,
				af,
				fr,
				fi,
				id,
				nl,
				th,
				az,
				bn,
				"pt-PT",
				ro,
				bs,
				hr,
				hi,
				ca,
			);
			mainGroup = 29B97314FDCFA39411CA2CEA /* CustomTemplate */;
			packageReferences = (
				52CE53E5295B6A310064D03D /* XCRemoteSwiftPackageReference "sentry-cocoa" */,
				52CBB890295BD8F200D0073F /* XCRemoteSwiftPackageReference "CocoaLumberjack" */,
			);
			projectDirPath = "";
			projectReferences = (
				{
					ProductGroup = 301BF52E109A57CC0062928A /* Products */;
					ProjectRef = 301BF52D109A57CC0062928A /* CordovaLib/CordovaLib.xcodeproj */;
				},
				{
					ProductGroup = 5260B0582C4F09FB00CDF289 /* Products */;
					ProjectRef = 5260B0572C4F09FB00CDF289 /* OutlineLib.xcodeproj */;
				},
			);
			projectRoot = "";
			targets = (
				1D6058900D05DD3D006BFB54 /* Outline */,
				A246B7DC2B07AACF00ECACD5 /* AppKitIntegration */,
			);
		};
/* End PBXProject section */

/* Begin PBXReferenceProxy section */
		301BF535109A57CC0062928A /* libCordova.a */ = {
			isa = PBXReferenceProxy;
			fileType = archive.ar;
			path = libCordova.a;
			remoteRef = 301BF534109A57CC0062928A /* PBXContainerItemProxy */;
			sourceTree = BUILT_PRODUCTS_DIR;
		};
		3BE967011F211C7E0077C3AC /* Cordova.framework */ = {
			isa = PBXReferenceProxy;
			fileType = wrapper.framework;
			path = Cordova.framework;
			remoteRef = 3BE967001F211C7E0077C3AC /* PBXContainerItemProxy */;
			sourceTree = BUILT_PRODUCTS_DIR;
		};
		5260B05C2C4F09FB00CDF289 /* VpnExtension.appex */ = {
			isa = PBXReferenceProxy;
			fileType = "wrapper.app-extension";
			path = VpnExtension.appex;
			remoteRef = 5260B05B2C4F09FB00CDF289 /* PBXContainerItemProxy */;
			sourceTree = BUILT_PRODUCTS_DIR;
		};
		A29688D12D84A5F60070772E /* VpnExtensionTest.xctest */ = {
			isa = PBXReferenceProxy;
			fileType = wrapper.cfbundle;
			path = VpnExtensionTest.xctest;
			remoteRef = A29688D02D84A5F60070772E /* PBXContainerItemProxy */;
			sourceTree = BUILT_PRODUCTS_DIR;
		};
/* End PBXReferenceProxy section */

/* Begin PBXResourcesBuildPhase section */
		1D60588D0D05DD3D006BFB54 /* Resources */ = {
			isa = PBXResourcesBuildPhase;
			buildActionMask = 2147483647;
			files = (
				302D95F214D2391D003F00A1 /* MainViewController.xib in Resources */,
				0207DA581B56EA530066E2B4 /* Assets.xcassets in Resources */,
				65A9AC9C2BEC091700C5899F /* PrivacyInfo.xcprivacy in Resources */,
				6AFF5BF91D6E424B00AB3073 /* CDVLaunchScreen.storyboard in Resources */,
			);
			runOnlyForDeploymentPostprocessing = 0;
		};
		A246B7DB2B07AACF00ECACD5 /* Resources */ = {
			isa = PBXResourcesBuildPhase;
			buildActionMask = 2147483647;
			files = (
				A2AC1A9D2B082526004E13CB /* Assets.xcassets in Resources */,
				A2AC1A9C2B082526004E13CB /* Localizable.strings in Resources */,
			);
			runOnlyForDeploymentPostprocessing = 0;
		};
/* End PBXResourcesBuildPhase section */

/* Begin PBXShellScriptBuildPhase section */
		FC0FFD6C1FCCE21E00EB0129 /* Remove unused framework architectures */ = {
			isa = PBXShellScriptBuildPhase;
			buildActionMask = 2147483647;
			files = (
			);
			inputPaths = (
			);
			name = "Remove unused framework architectures";
			outputPaths = (
			);
			runOnlyForDeploymentPostprocessing = 0;
			shellPath = /bin/sh;
			shellScript = "echo \"Target architectures: $ARCHS\"\n\nAPP_PATH=\"${TARGET_BUILD_DIR}/${WRAPPER_NAME}\"\n\nfind \"$APP_PATH\" -name '*.framework' -type d | while read -r FRAMEWORK\ndo\nFRAMEWORK_EXECUTABLE_NAME=$(defaults read \"$FRAMEWORK/Info.plist\" CFBundleExecutable)\nFRAMEWORK_EXECUTABLE_PATH=\"$FRAMEWORK/$FRAMEWORK_EXECUTABLE_NAME\"\necho \"Executable is $FRAMEWORK_EXECUTABLE_PATH\"\necho $(lipo -info \"$FRAMEWORK_EXECUTABLE_PATH\")\n\nFRAMEWORK_TMP_PATH=\"$FRAMEWORK_EXECUTABLE_PATH-tmp\"\n\n# remove simulator's archs if location is not simulator's directory\ncase \"${TARGET_BUILD_DIR}\" in\n*\"iphonesimulator\")\necho \"No need to remove archs\"\n;;\n*)\nif $(lipo \"$FRAMEWORK_EXECUTABLE_PATH\" -verify_arch \"i386\") ; then\nlipo -output \"$FRAMEWORK_TMP_PATH\" -remove \"i386\" \"$FRAMEWORK_EXECUTABLE_PATH\"\necho \"i386 architecture removed\"\nrm \"$FRAMEWORK_EXECUTABLE_PATH\"\nmv \"$FRAMEWORK_TMP_PATH\" \"$FRAMEWORK_EXECUTABLE_PATH\"\nfi\nif $(lipo \"$FRAMEWORK_EXECUTABLE_PATH\" -verify_arch \"x86_64\") ; then\nlipo -output \"$FRAMEWORK_TMP_PATH\" -remove \"x86_64\" \"$FRAMEWORK_EXECUTABLE_PATH\"\necho \"x86_64 architecture removed\"\nrm \"$FRAMEWORK_EXECUTABLE_PATH\"\nmv \"$FRAMEWORK_TMP_PATH\" \"$FRAMEWORK_EXECUTABLE_PATH\"\nfi\n;;\nesac\n\necho \"Completed for executable $FRAMEWORK_EXECUTABLE_PATH\"\necho $(lipo -info \"$FRAMEWORK_EXECUTABLE_PATH\")\n\ndone\n";
		};
/* End PBXShellScriptBuildPhase section */

/* Begin PBXSourcesBuildPhase section */
		1D60588E0D05DD3D006BFB54 /* Sources */ = {
			isa = PBXSourcesBuildPhase;
			buildActionMask = 2147483647;
			files = (
				1D60589B0D05DD56006BFB54 /* main.m in Sources */,
				1D3623260D0F684500981E51 /* AppDelegate.m in Sources */,
				302D95F114D2391D003F00A1 /* MainViewController.m in Sources */,
				5F7F90AE0E924FD7B065C415 /* CDVStatusBar.m in Sources */,
				2A617D29B96942E58B082FAC /* OutlinePlugin.swift in Sources */,
				1273B4E700B84E31B2528701 /* CDVClipboard.m in Sources */,
				A271D42D2A708240009981B2 /* AppDelegate+Outline.m in Sources */,
			);
			runOnlyForDeploymentPostprocessing = 0;
		};
		A246B7D92B07AACF00ECACD5 /* Sources */ = {
			isa = PBXSourcesBuildPhase;
			buildActionMask = 2147483647;
			files = (
				A272490F2B0D24200018A598 /* StatusItemController.swift in Sources */,
				A2AC1A4F2B082197004E13CB /* AppKitController.swift in Sources */,
			);
			runOnlyForDeploymentPostprocessing = 0;
		};
/* End PBXSourcesBuildPhase section */

/* Begin PBXTargetDependency section */
		301BF551109A68C00062928A /* PBXTargetDependency */ = {
			isa = PBXTargetDependency;
			name = CordovaLib;
			targetProxy = 301BF550109A68C00062928A /* PBXContainerItemProxy */;
		};
		5260B05E2C4F0A3300CDF289 /* PBXTargetDependency */ = {
			isa = PBXTargetDependency;
			name = VpnExtension;
			targetProxy = 5260B05D2C4F0A3300CDF289 /* PBXContainerItemProxy */;
		};
		A246B7E72B07AADD00ECACD5 /* PBXTargetDependency */ = {
			isa = PBXTargetDependency;
			platformFilter = maccatalyst;
			target = A246B7DC2B07AACF00ECACD5 /* AppKitIntegration */;
			targetProxy = A246B7E62B07AADD00ECACD5 /* PBXContainerItemProxy */;
		};
/* End PBXTargetDependency section */

/* Begin PBXVariantGroup section */
		A2AC1A582B082526004E13CB /* Localizable.strings */ = {
			isa = PBXVariantGroup;
			children = (
				A2AC1A592B082526004E13CB /* de */,
				A2AC1A5A2B082526004E13CB /* ur */,
				A2AC1A5B2B082526004E13CB /* he */,
				A2AC1A5C2B082526004E13CB /* ar */,
				A2AC1A5D2B082526004E13CB /* el */,
				A2AC1A5E2B082526004E13CB /* zh-Hans */,
				A2AC1A5F2B082526004E13CB /* ja */,
				A2AC1A602B082526004E13CB /* fa */,
				A2AC1A612B082526004E13CB /* mr */,
				A2AC1A622B082526004E13CB /* mk */,
				A2AC1A632B082526004E13CB /* sq */,
				A2AC1A642B082526004E13CB /* en */,
				A2AC1A652B082526004E13CB /* uk */,
				A2AC1A662B082526004E13CB /* en-GB */,
				A2AC1A672B082526004E13CB /* am */,
				A2AC1A682B082526004E13CB /* es */,
				A2AC1A692B082526004E13CB /* sw */,
				A2AC1A6A2B082526004E13CB /* is */,
				A2AC1A6B2B082526004E13CB /* sl */,
				A2AC1A6C2B082526004E13CB /* da */,
				A2AC1A6D2B082526004E13CB /* es-419 */,
				A2AC1A6E2B082526004E13CB /* et */,
				A2AC1A6F2B082526004E13CB /* it */,
				A2AC1A702B082526004E13CB /* bg */,
				A2AC1A712B082526004E13CB /* sk */,
				A2AC1A722B082526004E13CB /* sr-Latn */,
				A2AC1A732B082526004E13CB /* kk */,
				A2AC1A742B082526004E13CB /* sr */,
				A2AC1A752B082526004E13CB /* ms */,
				A2AC1A762B082526004E13CB /* si */,
				A2AC1A772B082526004E13CB /* ta */,
				A2AC1A782B082526004E13CB /* ne */,
				A2AC1A792B082526004E13CB /* sv */,
				A2AC1A7A2B082526004E13CB /* cs */,
				A2AC1A7B2B082526004E13CB /* km */,
				A2AC1A7C2B082526004E13CB /* ko */,
				A2AC1A7D2B082526004E13CB /* fil */,
				A2AC1A7E2B082526004E13CB /* hy */,
				A2AC1A7F2B082526004E13CB /* zh-Hant */,
				A2AC1A802B082526004E13CB /* mn */,
				A2AC1A812B082526004E13CB /* my */,
				A2AC1A822B082526004E13CB /* no */,
				A2AC1A832B082526004E13CB /* hu */,
				A2AC1A842B082526004E13CB /* ka */,
				A2AC1A852B082526004E13CB /* tr */,
				A2AC1A862B082526004E13CB /* pl */,
				A2AC1A872B082526004E13CB /* pt-BR */,
				A2AC1A882B082526004E13CB /* vi */,
				A2AC1A892B082526004E13CB /* lv */,
				A2AC1A8A2B082526004E13CB /* lo */,
				A2AC1A8B2B082526004E13CB /* lt */,
				A2AC1A8C2B082526004E13CB /* ru */,
				A2AC1A8D2B082526004E13CB /* af */,
				A2AC1A8E2B082526004E13CB /* fr */,
				A2AC1A8F2B082526004E13CB /* fi */,
				A2AC1A902B082526004E13CB /* id */,
				A2AC1A912B082526004E13CB /* nl */,
				A2AC1A922B082526004E13CB /* th */,
				A2AC1A932B082526004E13CB /* az */,
				A2AC1A942B082526004E13CB /* bn */,
				A2AC1A952B082526004E13CB /* pt-PT */,
				A2AC1A962B082526004E13CB /* ro */,
				A2AC1A972B082526004E13CB /* bs */,
				A2AC1A982B082526004E13CB /* hr */,
				A2AC1A992B082526004E13CB /* hi */,
				A2AC1A9A2B082526004E13CB /* ca */,
			);
			name = Localizable.strings;
			sourceTree = "<group>";
		};
/* End PBXVariantGroup section */

/* Begin XCBuildConfiguration section */
		1D6058940D05DD3E006BFB54 /* Debug */ = {
			isa = XCBuildConfiguration;
			baseConfigurationReference = 3047A50F1AB8059700498E2A /* build-debug.xcconfig */;
			buildSettings = {
				ALWAYS_SEARCH_USER_PATHS = NO;
				ASSETCATALOG_COMPILER_APPICON_NAME = AppIcon;
				CLANG_ENABLE_MODULES = YES;
				CLANG_ENABLE_OBJC_ARC = YES;
				CODE_SIGN_ENTITLEMENTS = Outline/Outline.entitlements;
				CODE_SIGN_IDENTITY = "iPhone Developer";
				COPY_PHASE_STRIP = NO;
				DEVELOPMENT_TEAM = QT8Z3Q9V3A;
				FRAMEWORK_SEARCH_PATHS = (
					"$(inherited)",
					"Outline/Plugins/cordova-plugin-outline",
					"Outline/Plugins/cordova-plugin-outline",
					"Outline/Plugins/cordova-plugin-outline",
					"$(PROJECT_DIR)/Outline/Plugins/cordova-plugin-outline",
					"\"Outline/Plugins/cordova-plugin-outline\"",
					"\"Outline/Plugins/cordova-plugin-outline\"",
					"\"Outline/Plugins/cordova-plugin-outline\"",
				);
				GCC_DYNAMIC_NO_PIC = NO;
				GCC_OPTIMIZATION_LEVEL = 0;
				GCC_PRECOMPILE_PREFIX_HEADER = YES;
				GCC_PREFIX_HEADER = "Outline/Outline-Prefix.pch";
				GCC_THUMB_SUPPORT = NO;
				GCC_VERSION = "";
				INFOPLIST_FILE = "Outline/Outline-Info.plist";
				IPHONEOS_DEPLOYMENT_TARGET = 15.5;
				LD_RUNPATH_SEARCH_PATHS = "@executable_path/Frameworks";
				ONLY_ACTIVE_ARCH = YES;
				PRODUCT_BUNDLE_IDENTIFIER = org.outline.ios.client;
				"PRODUCT_BUNDLE_IDENTIFIER[sdk=macosx*]" = org.outline.macos.client;
				PRODUCT_NAME = Outline;
				PROVISIONING_PROFILE = "";
				PROVISIONING_PROFILE_SPECIFIER = "";
				SDKROOT = iphoneos;
				STRIP_BITCODE_FROM_COPIED_FILES = NO;
				SUPPORTED_PLATFORMS = "iphoneos iphonesimulator";
				SUPPORTS_MACCATALYST = YES;
				SUPPORTS_MAC_DESIGNED_FOR_IPHONE_IPAD = NO;
				SWIFT_VERSION = 5.0;
				TARGETED_DEVICE_FAMILY = "1,2,6";
				VALIDATE_WORKSPACE = NO;
			};
			name = Debug;
		};
		1D6058950D05DD3E006BFB54 /* Release */ = {
			isa = XCBuildConfiguration;
			baseConfigurationReference = 3047A5101AB8059700498E2A /* build-release.xcconfig */;
			buildSettings = {
				ALWAYS_SEARCH_USER_PATHS = NO;
				ASSETCATALOG_COMPILER_APPICON_NAME = AppIcon;
				CLANG_ENABLE_MODULES = YES;
				CLANG_ENABLE_OBJC_ARC = YES;
				CODE_SIGN_ENTITLEMENTS = Outline/Outline.entitlements;
				CODE_SIGN_IDENTITY = "Apple Development";
				CODE_SIGN_STYLE = Automatic;
				COPY_PHASE_STRIP = YES;
				DEVELOPMENT_TEAM = QT8Z3Q9V3A;
				FRAMEWORK_SEARCH_PATHS = (
					"$(inherited)",
					"Outline/Plugins/cordova-plugin-outline",
					"Outline/Plugins/cordova-plugin-outline",
					"Outline/Plugins/cordova-plugin-outline",
					"$(PROJECT_DIR)/Outline/Plugins/cordova-plugin-outline",
					"\"Outline/Plugins/cordova-plugin-outline\"",
					"\"Outline/Plugins/cordova-plugin-outline\"",
					"\"Outline/Plugins/cordova-plugin-outline\"",
				);
				GCC_PRECOMPILE_PREFIX_HEADER = YES;
				GCC_PREFIX_HEADER = "Outline/Outline-Prefix.pch";
				GCC_THUMB_SUPPORT = NO;
				GCC_VERSION = "";
				INFOPLIST_FILE = "Outline/Outline-Info.plist";
				IPHONEOS_DEPLOYMENT_TARGET = 15.5;
				LD_RUNPATH_SEARCH_PATHS = "@executable_path/Frameworks";
				ONLY_ACTIVE_ARCH = YES;
				PRODUCT_BUNDLE_IDENTIFIER = org.outline.ios.client;
				"PRODUCT_BUNDLE_IDENTIFIER[sdk=macosx*]" = org.outline.macos.client;
				PRODUCT_NAME = Outline;
				PROVISIONING_PROFILE_SPECIFIER = "";
				SDKROOT = iphoneos;
				STRIP_BITCODE_FROM_COPIED_FILES = NO;
				SUPPORTED_PLATFORMS = "iphoneos iphonesimulator";
				SUPPORTS_MACCATALYST = YES;
				SUPPORTS_MAC_DESIGNED_FOR_IPHONE_IPAD = NO;
				SWIFT_VERSION = 5.0;
				TARGETED_DEVICE_FAMILY = "1,2,6";
				VALIDATE_WORKSPACE = NO;
			};
			name = Release;
		};
		A246B7E22B07AACF00ECACD5 /* Debug */ = {
			isa = XCBuildConfiguration;
			baseConfigurationReference = 3047A50F1AB8059700498E2A /* build-debug.xcconfig */;
			buildSettings = {
				ALWAYS_SEARCH_USER_PATHS = NO;
				ASSETCATALOG_COMPILER_GENERATE_SWIFT_ASSET_SYMBOL_EXTENSIONS = YES;
				CLANG_ANALYZER_NONNULL = YES;
				CLANG_ANALYZER_NUMBER_OBJECT_CONVERSION = YES_AGGRESSIVE;
				CLANG_CXX_LANGUAGE_STANDARD = "gnu++20";
				CLANG_ENABLE_OBJC_WEAK = YES;
				CLANG_WARN_DIRECT_OBJC_ISA_USAGE = YES_ERROR;
				CLANG_WARN_DOCUMENTATION_COMMENTS = YES;
				CLANG_WARN_OBJC_ROOT_CLASS = YES_ERROR;
				CLANG_WARN_QUOTED_INCLUDE_IN_FRAMEWORK_HEADER = YES;
				CLANG_WARN_UNGUARDED_AVAILABILITY = YES_AGGRESSIVE;
				CODE_SIGN_STYLE = Automatic;
				COMBINE_HIDPI_IMAGES = YES;
				COPY_PHASE_STRIP = NO;
				CURRENT_PROJECT_VERSION = 1;
				DEBUG_INFORMATION_FORMAT = dwarf;
				DEFINES_MODULE = YES;
				DEVELOPMENT_TEAM = QT8Z3Q9V3A;
				DYLIB_COMPATIBILITY_VERSION = 1;
				DYLIB_CURRENT_VERSION = 1;
				DYLIB_INSTALL_NAME_BASE = "@rpath";
				ENABLE_MODULE_VERIFIER = YES;
				ENABLE_USER_SCRIPT_SANDBOXING = YES;
				GCC_C_LANGUAGE_STANDARD = gnu17;
				GCC_DYNAMIC_NO_PIC = NO;
				GCC_OPTIMIZATION_LEVEL = 0;
				GCC_PREPROCESSOR_DEFINITIONS = (
					"DEBUG=1",
					"$(inherited)",
				);
				GCC_WARN_ABOUT_RETURN_TYPE = YES_ERROR;
				GCC_WARN_UNINITIALIZED_AUTOS = YES_AGGRESSIVE;
				GENERATE_INFOPLIST_FILE = YES;
				INFOPLIST_KEY_NSHumanReadableCopyright = "";
				INSTALL_PATH = "$(LOCAL_LIBRARY_DIR)/Frameworks";
				LD_RUNPATH_SEARCH_PATHS = (
					"$(inherited)",
					"@executable_path/../Frameworks",
					"@loader_path/Frameworks",
				);
				LOCALIZATION_PREFERS_STRING_CATALOGS = YES;
				MACOSX_DEPLOYMENT_TARGET = 12.0;
				MARKETING_VERSION = 1.0;
				MODULE_VERIFIER_SUPPORTED_LANGUAGES = "objective-c objective-c++";
				MODULE_VERIFIER_SUPPORTED_LANGUAGE_STANDARDS = "gnu17 gnu++20";
				MTL_ENABLE_DEBUG_INFO = INCLUDE_SOURCE;
				MTL_FAST_MATH = YES;
				PRODUCT_BUNDLE_IDENTIFIER = org.outline.macos.client.AppKitIntegration;
				PRODUCT_NAME = "$(TARGET_NAME:c99extidentifier)";
				SDKROOT = macosx;
				SKIP_INSTALL = YES;
				SWIFT_ACTIVE_COMPILATION_CONDITIONS = "DEBUG $(inherited)";
				SWIFT_EMIT_LOC_STRINGS = YES;
				SWIFT_OBJC_BRIDGING_HEADER = "";
				SWIFT_OPTIMIZATION_LEVEL = "-Onone";
				SWIFT_VERSION = 5.0;
				VERSIONING_SYSTEM = "apple-generic";
				VERSION_INFO_PREFIX = "";
			};
			name = Debug;
		};
		A246B7E32B07AACF00ECACD5 /* Release */ = {
			isa = XCBuildConfiguration;
			baseConfigurationReference = 3047A5101AB8059700498E2A /* build-release.xcconfig */;
			buildSettings = {
				ALWAYS_SEARCH_USER_PATHS = NO;
				ASSETCATALOG_COMPILER_GENERATE_SWIFT_ASSET_SYMBOL_EXTENSIONS = YES;
				CLANG_ANALYZER_NONNULL = YES;
				CLANG_ANALYZER_NUMBER_OBJECT_CONVERSION = YES_AGGRESSIVE;
				CLANG_CXX_LANGUAGE_STANDARD = "gnu++20";
				CLANG_ENABLE_OBJC_WEAK = YES;
				CLANG_WARN_DIRECT_OBJC_ISA_USAGE = YES_ERROR;
				CLANG_WARN_DOCUMENTATION_COMMENTS = YES;
				CLANG_WARN_OBJC_ROOT_CLASS = YES_ERROR;
				CLANG_WARN_QUOTED_INCLUDE_IN_FRAMEWORK_HEADER = YES;
				CLANG_WARN_UNGUARDED_AVAILABILITY = YES_AGGRESSIVE;
				"CODE_SIGN_IDENTITY[sdk=macosx*]" = "Apple Development";
				CODE_SIGN_STYLE = Automatic;
				COMBINE_HIDPI_IMAGES = YES;
				COPY_PHASE_STRIP = NO;
				CURRENT_PROJECT_VERSION = 1;
				DEBUG_INFORMATION_FORMAT = "dwarf-with-dsym";
				DEFINES_MODULE = YES;
				DEVELOPMENT_TEAM = QT8Z3Q9V3A;
				DYLIB_COMPATIBILITY_VERSION = 1;
				DYLIB_CURRENT_VERSION = 1;
				DYLIB_INSTALL_NAME_BASE = "@rpath";
				ENABLE_MODULE_VERIFIER = YES;
				ENABLE_NS_ASSERTIONS = NO;
				ENABLE_USER_SCRIPT_SANDBOXING = YES;
				GCC_C_LANGUAGE_STANDARD = gnu17;
				GCC_WARN_ABOUT_RETURN_TYPE = YES_ERROR;
				GCC_WARN_UNINITIALIZED_AUTOS = YES_AGGRESSIVE;
				GENERATE_INFOPLIST_FILE = YES;
				INFOPLIST_KEY_NSHumanReadableCopyright = "";
				INSTALL_PATH = "$(LOCAL_LIBRARY_DIR)/Frameworks";
				LD_RUNPATH_SEARCH_PATHS = (
					"$(inherited)",
					"@executable_path/../Frameworks",
					"@loader_path/Frameworks",
				);
				LOCALIZATION_PREFERS_STRING_CATALOGS = YES;
				MACOSX_DEPLOYMENT_TARGET = 12.0;
				MARKETING_VERSION = 1.0;
				MODULE_VERIFIER_SUPPORTED_LANGUAGES = "objective-c objective-c++";
				MODULE_VERIFIER_SUPPORTED_LANGUAGE_STANDARDS = "gnu17 gnu++20";
				MTL_ENABLE_DEBUG_INFO = NO;
				MTL_FAST_MATH = YES;
				PRODUCT_BUNDLE_IDENTIFIER = org.outline.macos.client.AppKitIntegration;
				PRODUCT_NAME = "$(TARGET_NAME:c99extidentifier)";
				SDKROOT = macosx;
				SKIP_INSTALL = YES;
				SWIFT_EMIT_LOC_STRINGS = YES;
				SWIFT_OBJC_BRIDGING_HEADER = "";
				SWIFT_VERSION = 5.0;
				VERSIONING_SYSTEM = "apple-generic";
				VERSION_INFO_PREFIX = "";
			};
			name = Release;
		};
		C01FCF4F08A954540054247B /* Debug */ = {
			isa = XCBuildConfiguration;
			baseConfigurationReference = 3047A5111AB8059700498E2A /* build.xcconfig */;
			buildSettings = {
				CLANG_ENABLE_MODULES = YES;
				CLANG_ENABLE_OBJC_ARC = YES;
				CLANG_WARN_BLOCK_CAPTURE_AUTORELEASING = YES;
				CLANG_WARN_BOOL_CONVERSION = YES;
				CLANG_WARN_COMMA = YES;
				CLANG_WARN_CONSTANT_CONVERSION = YES;
				CLANG_WARN_DEPRECATED_OBJC_IMPLEMENTATIONS = YES;
				CLANG_WARN_EMPTY_BODY = YES;
				CLANG_WARN_ENUM_CONVERSION = YES;
				CLANG_WARN_INFINITE_RECURSION = YES;
				CLANG_WARN_INT_CONVERSION = YES;
				CLANG_WARN_NON_LITERAL_NULL_CONVERSION = YES;
				CLANG_WARN_OBJC_IMPLICIT_RETAIN_SELF = YES;
				CLANG_WARN_OBJC_LITERAL_CONVERSION = YES;
				CLANG_WARN_RANGE_LOOP_ANALYSIS = YES;
				CLANG_WARN_STRICT_PROTOTYPES = YES;
				CLANG_WARN_SUSPICIOUS_MOVE = YES;
				CLANG_WARN_UNREACHABLE_CODE = YES;
				CLANG_WARN__DUPLICATE_METHOD_MATCH = YES;
				ENABLE_STRICT_OBJC_MSGSEND = YES;
				ENABLE_TESTABILITY = YES;
				GCC_C_LANGUAGE_STANDARD = c99;
				GCC_NO_COMMON_BLOCKS = YES;
				GCC_THUMB_SUPPORT = NO;
				GCC_VERSION = "";
				GCC_WARN_64_TO_32_BIT_CONVERSION = YES;
				GCC_WARN_ABOUT_RETURN_TYPE = YES;
				GCC_WARN_UNDECLARED_SELECTOR = YES;
				GCC_WARN_UNINITIALIZED_AUTOS = YES;
				GCC_WARN_UNUSED_FUNCTION = YES;
				GCC_WARN_UNUSED_VARIABLE = YES;
				IPHONEOS_DEPLOYMENT_TARGET = 15.5;
				MACOSX_DEPLOYMENT_TARGET = 12.0;
				ONLY_ACTIVE_ARCH = YES;
				SDKROOT = iphoneos;
				SKIP_INSTALL = NO;
				SWIFT_ACTIVE_COMPILATION_CONDITIONS = DEBUG;
				SWIFT_OBJC_BRIDGING_HEADER = "";
			};
			name = Debug;
		};
		C01FCF5008A954540054247B /* Release */ = {
			isa = XCBuildConfiguration;
			baseConfigurationReference = 3047A5111AB8059700498E2A /* build.xcconfig */;
			buildSettings = {
				CLANG_ENABLE_MODULES = YES;
				CLANG_ENABLE_OBJC_ARC = YES;
				CLANG_WARN_BLOCK_CAPTURE_AUTORELEASING = YES;
				CLANG_WARN_BOOL_CONVERSION = YES;
				CLANG_WARN_COMMA = YES;
				CLANG_WARN_CONSTANT_CONVERSION = YES;
				CLANG_WARN_DEPRECATED_OBJC_IMPLEMENTATIONS = YES;
				CLANG_WARN_EMPTY_BODY = YES;
				CLANG_WARN_ENUM_CONVERSION = YES;
				CLANG_WARN_INFINITE_RECURSION = YES;
				CLANG_WARN_INT_CONVERSION = YES;
				CLANG_WARN_NON_LITERAL_NULL_CONVERSION = YES;
				CLANG_WARN_OBJC_IMPLICIT_RETAIN_SELF = YES;
				CLANG_WARN_OBJC_LITERAL_CONVERSION = YES;
				CLANG_WARN_RANGE_LOOP_ANALYSIS = YES;
				CLANG_WARN_STRICT_PROTOTYPES = YES;
				CLANG_WARN_SUSPICIOUS_MOVE = YES;
				CLANG_WARN_UNREACHABLE_CODE = YES;
				CLANG_WARN__DUPLICATE_METHOD_MATCH = YES;
				CODE_SIGN_IDENTITY = "iPhone Distribution";
				ENABLE_STRICT_OBJC_MSGSEND = YES;
				GCC_C_LANGUAGE_STANDARD = c99;
				GCC_NO_COMMON_BLOCKS = YES;
				GCC_THUMB_SUPPORT = NO;
				GCC_VERSION = "";
				GCC_WARN_64_TO_32_BIT_CONVERSION = YES;
				GCC_WARN_ABOUT_RETURN_TYPE = YES;
				GCC_WARN_UNDECLARED_SELECTOR = YES;
				GCC_WARN_UNINITIALIZED_AUTOS = YES;
				GCC_WARN_UNUSED_FUNCTION = YES;
				GCC_WARN_UNUSED_VARIABLE = YES;
				IPHONEOS_DEPLOYMENT_TARGET = 15.5;
				MACOSX_DEPLOYMENT_TARGET = 12.0;
				SDKROOT = iphoneos;
				SKIP_INSTALL = NO;
				SWIFT_COMPILATION_MODE = wholemodule;
				SWIFT_OBJC_BRIDGING_HEADER = "";
			};
			name = Release;
		};
/* End XCBuildConfiguration section */

/* Begin XCConfigurationList section */
		1D6058960D05DD3E006BFB54 /* Build configuration list for PBXNativeTarget "Outline" */ = {
			isa = XCConfigurationList;
			buildConfigurations = (
				1D6058940D05DD3E006BFB54 /* Debug */,
				1D6058950D05DD3E006BFB54 /* Release */,
			);
			defaultConfigurationIsVisible = 0;
			defaultConfigurationName = Release;
		};
		A246B7E12B07AACF00ECACD5 /* Build configuration list for PBXNativeTarget "AppKitIntegration" */ = {
			isa = XCConfigurationList;
			buildConfigurations = (
				A246B7E22B07AACF00ECACD5 /* Debug */,
				A246B7E32B07AACF00ECACD5 /* Release */,
			);
			defaultConfigurationIsVisible = 0;
			defaultConfigurationName = Release;
		};
		C01FCF4E08A954540054247B /* Build configuration list for PBXProject "Outline" */ = {
			isa = XCConfigurationList;
			buildConfigurations = (
				C01FCF4F08A954540054247B /* Debug */,
				C01FCF5008A954540054247B /* Release */,
			);
			defaultConfigurationIsVisible = 0;
			defaultConfigurationName = Release;
		};
/* End XCConfigurationList section */

/* Begin XCRemoteSwiftPackageReference section */
		52CBB890295BD8F200D0073F /* XCRemoteSwiftPackageReference "CocoaLumberjack" */ = {
			isa = XCRemoteSwiftPackageReference;
			repositoryURL = "https://github.com/CocoaLumberjack/CocoaLumberjack";
			requirement = {
				kind = upToNextMajorVersion;
				minimumVersion = 3.8.5;
			};
		};
		52CE53E5295B6A310064D03D /* XCRemoteSwiftPackageReference "sentry-cocoa" */ = {
			isa = XCRemoteSwiftPackageReference;
			repositoryURL = "https://github.com/getsentry/sentry-cocoa";
			requirement = {
				kind = upToNextMajorVersion;
				minimumVersion = 8.26.0;
			};
		};
/* End XCRemoteSwiftPackageReference section */

/* Begin XCSwiftPackageProductDependency section */
		52CE53E6295B6A310064D03D /* Sentry */ = {
			isa = XCSwiftPackageProductDependency;
			package = 52CE53E5295B6A310064D03D /* XCRemoteSwiftPackageReference "sentry-cocoa" */;
			productName = Sentry;
		};
		A271D4332A70829D009981B2 /* OutlineAppleLib */ = {
			isa = XCSwiftPackageProductDependency;
			productName = OutlineAppleLib;
		};
		A27B36502B07C51500004A08 /* CocoaLumberjack */ = {
			isa = XCSwiftPackageProductDependency;
			package = 52CBB890295BD8F200D0073F /* XCRemoteSwiftPackageReference "CocoaLumberjack" */;
			productName = CocoaLumberjack;
		};
		A27B36522B07C51500004A08 /* CocoaLumberjackSwift */ = {
			isa = XCSwiftPackageProductDependency;
			package = 52CBB890295BD8F200D0073F /* XCRemoteSwiftPackageReference "CocoaLumberjack" */;
			productName = CocoaLumberjackSwift;
		};
/* End XCSwiftPackageProductDependency section */
	};
	rootObject = 29B97313FDCFA39411CA2CEA /* Project object */;
}
